{"format_version":"1.2","terraform_version":"1.10.3","variables":{"vpc_id":{"value":"vpc-00c64b1940c321e76"}},"planned_values":{"outputs":{"security_group_id":{"sensitive":false,"type":"string","value":"sg-086814e7b4a0fbc05"},"subnet_id":{"sensitive":false}},"root_module":{"resources":[{"address":"aws_internet_gateway.igw","mode":"managed","type":"aws_internet_gateway","name":"igw","provider_name":"registry.terraform.io/hashicorp/aws","schema_version":0,"values":{"arn":"arn:aws:ec2:eu-central-1:337909773697:internet-gateway/igw-03bf39cae175986e7","id":"igw-03bf39cae175986e7","owner_id":"337909773697","tags":{"Name":"mate-aws-grafana-lab"},"tags_all":{"Name":"mate-aws-grafana-lab"},"timeouts":null,"vpc_id":"vpc-00c64b1940c321e76"},"sensitive_values":{"tags":{},"tags_all":{}}},{"address":"aws_route_table.route_table","mode":"managed","type":"aws_route_table","name":"route_table","provider_name":"registry.terraform.io/hashicorp/aws","schema_version":0,"values":{"arn":"arn:aws:ec2:eu-central-1:337909773697:route-table/rtb-011efea6acb26ada2","id":"rtb-011efea6acb26ada2","owner_id":"337909773697","propagating_vgws":[],"route":[{"carrier_gateway_id":"","cidr_block":"0.0.0.0/0","core_network_arn":"","destination_prefix_list_id":"","egress_only_gateway_id":"","gateway_id":"igw-03bf39cae175986e7","ipv6_cidr_block":"","local_gateway_id":"","nat_gateway_id":"","network_interface_id":"","transit_gateway_id":"","vpc_endpoint_id":"","vpc_peering_connection_id":""}],"tags":{"Name":"mate-aws-grafana-lab"},"tags_all":{"Name":"mate-aws-grafana-lab"},"timeouts":null,"vpc_id":"vpc-00c64b1940c321e76"},"sensitive_values":{"propagating_vgws":[],"route":[{}],"tags":{},"tags_all":{}}},{"address":"aws_route_table_association.route_table_association","mode":"managed","type":"aws_route_table_association","name":"route_table_association","provider_name":"registry.terraform.io/hashicorp/aws","schema_version":0,"values":{"gateway_id":null,"route_table_id":"rtb-011efea6acb26ada2","timeouts":null},"sensitive_values":{}},{"address":"aws_security_group.sg","mode":"managed","type":"aws_security_group","name":"sg","provider_name":"registry.terraform.io/hashicorp/aws","schema_version":1,"values":{"arn":"arn:aws:ec2:eu-central-1:337909773697:security-group/sg-086814e7b4a0fbc05","description":"Managed by Terraform","egress":[{"cidr_blocks":["0.0.0.0/0"],"description":"","from_port":0,"ipv6_cidr_blocks":[],"prefix_list_ids":[],"protocol":"-1","security_groups":[],"self":false,"to_port":0}],"id":"sg-086814e7b4a0fbc05","ingress":[{"cidr_blocks":["0.0.0.0/0"],"description":"","from_port":3000,"ipv6_cidr_blocks":[],"prefix_list_ids":[],"protocol":"tcp","security_groups":[],"self":false,"to_port":3000},{"cidr_blocks":["185.143.147.161/32"],"description":"","from_port":22,"ipv6_cidr_blocks":[],"prefix_list_ids":[],"protocol":"tcp","security_groups":[],"self":false,"to_port":22}],"name":"mate-aws-grafana-lab","name_prefix":"","owner_id":"337909773697","revoke_rules_on_delete":false,"tags":{"Name":"mate-aws-grafana-lab"},"tags_all":{"Name":"mate-aws-grafana-lab"},"timeouts":null,"vpc_id":"vpc-00c64b1940c321e76"},"sensitive_values":{"egress":[{"cidr_blocks":[false],"ipv6_cidr_blocks":[],"prefix_list_ids":[],"security_groups":[]}],"ingress":[{"cidr_blocks":[false],"ipv6_cidr_blocks":[],"prefix_list_ids":[],"security_groups":[]},{"cidr_blocks":[false],"ipv6_cidr_blocks":[],"prefix_list_ids":[],"security_groups":[]}],"tags":{},"tags_all":{}}},{"address":"aws_subnet.subnet","mode":"managed","type":"aws_subnet","name":"subnet","provider_name":"registry.terraform.io/hashicorp/aws","schema_version":1,"values":{"assign_ipv6_address_on_creation":false,"cidr_block":"10.0.0.0/24","customer_owned_ipv4_pool":null,"enable_dns64":false,"enable_lni_at_device_index":null,"enable_resource_name_dns_a_record_on_launch":false,"enable_resource_name_dns_aaaa_record_on_launch":false,"ipv6_cidr_block":null,"ipv6_native":false,"map_customer_owned_ip_on_launch":null,"map_public_ip_on_launch":false,"outpost_arn":null,"tags":{"Name":"grafana"},"tags_all":{"Name":"grafana"},"timeouts":null,"vpc_id":"vpc-00c64b1940c321e76"},"sensitive_values":{"tags":{},"tags_all":{}}},{"address":"aws_vpc_security_group_egress_rule.allow_all_eggress","mode":"managed","type":"aws_vpc_security_group_egress_rule","name":"allow_all_eggress","provider_name":"registry.terraform.io/hashicorp/aws","schema_version":0,"values":{"arn":"arn:aws:ec2:eu-central-1:337909773697:security-group-rule/sgr-0a1a15a819e28602a","cidr_ipv4":"0.0.0.0/0","cidr_ipv6":null,"description":null,"from_port":null,"id":"sgr-0a1a15a819e28602a","ip_protocol":"-1","prefix_list_id":null,"referenced_security_group_id":null,"security_group_id":"sg-086814e7b4a0fbc05","security_group_rule_id":"sgr-0a1a15a819e28602a","tags":null,"tags_all":{},"to_port":null},"sensitive_values":{"tags_all":{}}},{"address":"aws_vpc_security_group_ingress_rule.allow_http","mode":"managed","type":"aws_vpc_security_group_ingress_rule","name":"allow_http","provider_name":"registry.terraform.io/hashicorp/aws","schema_version":0,"values":{"arn":"arn:aws:ec2:eu-central-1:337909773697:security-group-rule/sgr-0e22ce6c2a380c260","cidr_ipv4":"0.0.0.0/0","cidr_ipv6":null,"description":null,"from_port":3000,"id":"sgr-0e22ce6c2a380c260","ip_protocol":"tcp","prefix_list_id":null,"referenced_security_group_id":null,"security_group_id":"sg-086814e7b4a0fbc05","security_group_rule_id":"sgr-0e22ce6c2a380c260","tags":null,"tags_all":{},"to_port":3000},"sensitive_values":{"tags_all":{}}},{"address":"aws_vpc_security_group_ingress_rule.allow_ssh","mode":"managed","type":"aws_vpc_security_group_ingress_rule","name":"allow_ssh","provider_name":"registry.terraform.io/hashicorp/aws","schema_version":0,"values":{"arn":"arn:aws:ec2:eu-central-1:337909773697:security-group-rule/sgr-0bd377864aa4fac9f","cidr_ipv4":"185.143.147.161/32","cidr_ipv6":null,"description":null,"from_port":22,"id":"sgr-0bd377864aa4fac9f","ip_protocol":"tcp","prefix_list_id":null,"referenced_security_group_id":null,"security_group_id":"sg-086814e7b4a0fbc05","security_group_rule_id":"sgr-0bd377864aa4fac9f","tags":null,"tags_all":{},"to_port":22},"sensitive_values":{"tags_all":{}}}]}},"resource_drift":[{"address":"aws_security_group.sg","mode":"managed","type":"aws_security_group","name":"sg","provider_name":"registry.terraform.io/hashicorp/aws","change":{"actions":["update"],"before":{"arn":"arn:aws:ec2:eu-central-1:337909773697:security-group/sg-086814e7b4a0fbc05","description":"Managed by Terraform","egress":[],"id":"sg-086814e7b4a0fbc05","ingress":[],"name":"mate-aws-grafana-lab","name_prefix":"","owner_id":"337909773697","revoke_rules_on_delete":false,"tags":{"Name":"mate-aws-grafana-lab"},"tags_all":{"Name":"mate-aws-grafana-lab"},"timeouts":null,"vpc_id":"vpc-00c64b1940c321e76"},"after":{"arn":"arn:aws:ec2:eu-central-1:337909773697:security-group/sg-086814e7b4a0fbc05","description":"Managed by Terraform","egress":[{"cidr_blocks":["0.0.0.0/0"],"description":"","from_port":0,"ipv6_cidr_blocks":[],"prefix_list_ids":[],"protocol":"-1","security_groups":[],"self":false,"to_port":0}],"id":"sg-086814e7b4a0fbc05","ingress":[{"cidr_blocks":["0.0.0.0/0"],"description":"","from_port":3000,"ipv6_cidr_blocks":[],"prefix_list_ids":[],"protocol":"tcp","security_groups":[],"self":false,"to_port":3000},{"cidr_blocks":["185.143.147.161/32"],"description":"","from_port":22,"ipv6_cidr_blocks":[],"prefix_list_ids":[],"protocol":"tcp","security_groups":[],"self":false,"to_port":22}],"name":"mate-aws-grafana-lab","name_prefix":"","owner_id":"337909773697","revoke_rules_on_delete":false,"tags":{"Name":"mate-aws-grafana-lab"},"tags_all":{"Name":"mate-aws-grafana-lab"},"timeouts":null,"vpc_id":"vpc-00c64b1940c321e76"},"after_unknown":{},"before_sensitive":{"egress":[],"ingress":[],"tags":{},"tags_all":{}},"after_sensitive":{"egress":[{"cidr_blocks":[false],"ipv6_cidr_blocks":[],"prefix_list_ids":[],"security_groups":[]}],"ingress":[{"cidr_blocks":[false],"ipv6_cidr_blocks":[],"prefix_list_ids":[],"security_groups":[]},{"cidr_blocks":[false],"ipv6_cidr_blocks":[],"prefix_list_ids":[],"security_groups":[]}],"tags":{},"tags_all":{}}}}],"resource_changes":[{"address":"aws_internet_gateway.igw","mode":"managed","type":"aws_internet_gateway","name":"igw","provider_name":"registry.terraform.io/hashicorp/aws","change":{"actions":["no-op"],"before":{"arn":"arn:aws:ec2:eu-central-1:337909773697:internet-gateway/igw-03bf39cae175986e7","id":"igw-03bf39cae175986e7","owner_id":"337909773697","tags":{"Name":"mate-aws-grafana-lab"},"tags_all":{"Name":"mate-aws-grafana-lab"},"timeouts":null,"vpc_id":"vpc-00c64b1940c321e76"},"after":{"arn":"arn:aws:ec2:eu-central-1:337909773697:internet-gateway/igw-03bf39cae175986e7","id":"igw-03bf39cae175986e7","owner_id":"337909773697","tags":{"Name":"mate-aws-grafana-lab"},"tags_all":{"Name":"mate-aws-grafana-lab"},"timeouts":null,"vpc_id":"vpc-00c64b1940c321e76"},"after_unknown":{},"before_sensitive":{"tags":{},"tags_all":{}},"after_sensitive":{"tags":{},"tags_all":{}}}},{"address":"aws_route_table.route_table","mode":"managed","type":"aws_route_table","name":"route_table","provider_name":"registry.terraform.io/hashicorp/aws","change":{"actions":["no-op"],"before":{"arn":"arn:aws:ec2:eu-central-1:337909773697:route-table/rtb-011efea6acb26ada2","id":"rtb-011efea6acb26ada2","owner_id":"337909773697","propagating_vgws":[],"route":[{"carrier_gateway_id":"","cidr_block":"0.0.0.0/0","core_network_arn":"","destination_prefix_list_id":"","egress_only_gateway_id":"","gateway_id":"igw-03bf39cae175986e7","ipv6_cidr_block":"","local_gateway_id":"","nat_gateway_id":"","network_interface_id":"","transit_gateway_id":"","vpc_endpoint_id":"","vpc_peering_connection_id":""}],"tags":{"Name":"mate-aws-grafana-lab"},"tags_all":{"Name":"mate-aws-grafana-lab"},"timeouts":null,"vpc_id":"vpc-00c64b1940c321e76"},"after":{"arn":"arn:aws:ec2:eu-central-1:337909773697:route-table/rtb-011efea6acb26ada2","id":"rtb-011efea6acb26ada2","owner_id":"337909773697","propagating_vgws":[],"route":[{"carrier_gateway_id":"","cidr_block":"0.0.0.0/0","core_network_arn":"","destination_prefix_list_id":"","egress_only_gateway_id":"","gateway_id":"igw-03bf39cae175986e7","ipv6_cidr_block":"","local_gateway_id":"","nat_gateway_id":"","network_interface_id":"","transit_gateway_id":"","vpc_endpoint_id":"","vpc_peering_connection_id":""}],"tags":{"Name":"mate-aws-grafana-lab"},"tags_all":{"Name":"mate-aws-grafana-lab"},"timeouts":null,"vpc_id":"vpc-00c64b1940c321e76"},"after_unknown":{},"before_sensitive":{"propagating_vgws":[],"route":[{}],"tags":{},"tags_all":{}},"after_sensitive":{"propagating_vgws":[],"route":[{}],"tags":{},"tags_all":{}}}},{"address":"aws_route_table_association.route_table_association","mode":"managed","type":"aws_route_table_association","name":"route_table_association","provider_name":"registry.terraform.io/hashicorp/aws","change":{"actions":["create"],"before":null,"after":{"gateway_id":null,"route_table_id":"rtb-011efea6acb26ada2","timeouts":null},"after_unknown":{"id":true,"subnet_id":true},"before_sensitive":false,"after_sensitive":{}}},{"address":"aws_security_group.sg","mode":"managed","type":"aws_security_group","name":"sg","provider_name":"registry.terraform.io/hashicorp/aws","change":{"actions":["no-op"],"before":{"arn":"arn:aws:ec2:eu-central-1:337909773697:security-group/sg-086814e7b4a0fbc05","description":"Managed by Terraform","egress":[{"cidr_blocks":["0.0.0.0/0"],"description":"","from_port":0,"ipv6_cidr_blocks":[],"prefix_list_ids":[],"protocol":"-1","security_groups":[],"self":false,"to_port":0}],"id":"sg-086814e7b4a0fbc05","ingress":[{"cidr_blocks":["0.0.0.0/0"],"description":"","from_port":3000,"ipv6_cidr_blocks":[],"prefix_list_ids":[],"protocol":"tcp","security_groups":[],"self":false,"to_port":3000},{"cidr_blocks":["185.143.147.161/32"],"description":"","from_port":22,"ipv6_cidr_blocks":[],"prefix_list_ids":[],"protocol":"tcp","security_groups":[],"self":false,"to_port":22}],"name":"mate-aws-grafana-lab","name_prefix":"","owner_id":"337909773697","revoke_rules_on_delete":false,"tags":{"Name":"mate-aws-grafana-lab"},"tags_all":{"Name":"mate-aws-grafana-lab"},"timeouts":null,"vpc_id":"vpc-00c64b1940c321e76"},"after":{"arn":"arn:aws:ec2:eu-central-1:337909773697:security-group/sg-086814e7b4a0fbc05","description":"Managed by Terraform","egress":[{"cidr_blocks":["0.0.0.0/0"],"description":"","from_port":0,"ipv6_cidr_blocks":[],"prefix_list_ids":[],"protocol":"-1","security_groups":[],"self":false,"to_port":0}],"id":"sg-086814e7b4a0fbc05","ingress":[{"cidr_blocks":["0.0.0.0/0"],"description":"","from_port":3000,"ipv6_cidr_blocks":[],"prefix_list_ids":[],"protocol":"tcp","security_groups":[],"self":false,"to_port":3000},{"cidr_blocks":["185.143.147.161/32"],"description":"","from_port":22,"ipv6_cidr_blocks":[],"prefix_list_ids":[],"protocol":"tcp","security_groups":[],"self":false,"to_port":22}],"name":"mate-aws-grafana-lab","name_prefix":"","owner_id":"337909773697","revoke_rules_on_delete":false,"tags":{"Name":"mate-aws-grafana-lab"},"tags_all":{"Name":"mate-aws-grafana-lab"},"timeouts":null,"vpc_id":"vpc-00c64b1940c321e76"},"after_unknown":{},"before_sensitive":{"egress":[{"cidr_blocks":[false],"ipv6_cidr_blocks":[],"prefix_list_ids":[],"security_groups":[]}],"ingress":[{"cidr_blocks":[false],"ipv6_cidr_blocks":[],"prefix_list_ids":[],"security_groups":[]},{"cidr_blocks":[false],"ipv6_cidr_blocks":[],"prefix_list_ids":[],"security_groups":[]}],"tags":{},"tags_all":{}},"after_sensitive":{"egress":[{"cidr_blocks":[false],"ipv6_cidr_blocks":[],"prefix_list_ids":[],"security_groups":[]}],"ingress":[{"cidr_blocks":[false],"ipv6_cidr_blocks":[],"prefix_list_ids":[],"security_groups":[]},{"cidr_blocks":[false],"ipv6_cidr_blocks":[],"prefix_list_ids":[],"security_groups":[]}],"tags":{},"tags_all":{}}}},{"address":"aws_subnet.subnet","mode":"managed","type":"aws_subnet","name":"subnet","provider_name":"registry.terraform.io/hashicorp/aws","change":{"actions":["create"],"before":null,"after":{"assign_ipv6_address_on_creation":false,"cidr_block":"10.0.0.0/24","customer_owned_ipv4_pool":null,"enable_dns64":false,"enable_lni_at_device_index":null,"enable_resource_name_dns_a_record_on_launch":false,"enable_resource_name_dns_aaaa_record_on_launch":false,"ipv6_cidr_block":null,"ipv6_native":false,"map_customer_owned_ip_on_launch":null,"map_public_ip_on_launch":false,"outpost_arn":null,"tags":{"Name":"grafana"},"tags_all":{"Name":"grafana"},"timeouts":null,"vpc_id":"vpc-00c64b1940c321e76"},"after_unknown":{"arn":true,"availability_zone":true,"availability_zone_id":true,"id":true,"ipv6_cidr_block_association_id":true,"owner_id":true,"private_dns_hostname_type_on_launch":true,"tags":{},"tags_all":{}},"before_sensitive":false,"after_sensitive":{"tags":{},"tags_all":{}}}},{"address":"aws_vpc_security_group_egress_rule.allow_all_eggress","mode":"managed","type":"aws_vpc_security_group_egress_rule","name":"allow_all_eggress","provider_name":"registry.terraform.io/hashicorp/aws","change":{"actions":["no-op"],"before":{"arn":"arn:aws:ec2:eu-central-1:337909773697:security-group-rule/sgr-0a1a15a819e28602a","cidr_ipv4":"0.0.0.0/0","cidr_ipv6":null,"description":null,"from_port":null,"id":"sgr-0a1a15a819e28602a","ip_protocol":"-1","prefix_list_id":null,"referenced_security_group_id":null,"security_group_id":"sg-086814e7b4a0fbc05","security_group_rule_id":"sgr-0a1a15a819e28602a","tags":null,"tags_all":{},"to_port":null},"after":{"arn":"arn:aws:ec2:eu-central-1:337909773697:security-group-rule/sgr-0a1a15a819e28602a","cidr_ipv4":"0.0.0.0/0","cidr_ipv6":null,"description":null,"from_port":null,"id":"sgr-0a1a15a819e28602a","ip_protocol":"-1","prefix_list_id":null,"referenced_security_group_id":null,"security_group_id":"sg-086814e7b4a0fbc05","security_group_rule_id":"sgr-0a1a15a819e28602a","tags":null,"tags_all":{},"to_port":null},"after_unknown":{},"before_sensitive":{"tags_all":{}},"after_sensitive":{"tags_all":{}}}},{"address":"aws_vpc_security_group_ingress_rule.allow_http","mode":"managed","type":"aws_vpc_security_group_ingress_rule","name":"allow_http","provider_name":"registry.terraform.io/hashicorp/aws","change":{"actions":["no-op"],"before":{"arn":"arn:aws:ec2:eu-central-1:337909773697:security-group-rule/sgr-0e22ce6c2a380c260","cidr_ipv4":"0.0.0.0/0","cidr_ipv6":null,"description":null,"from_port":3000,"id":"sgr-0e22ce6c2a380c260","ip_protocol":"tcp","prefix_list_id":null,"referenced_security_group_id":null,"security_group_id":"sg-086814e7b4a0fbc05","security_group_rule_id":"sgr-0e22ce6c2a380c260","tags":null,"tags_all":{},"to_port":3000},"after":{"arn":"arn:aws:ec2:eu-central-1:337909773697:security-group-rule/sgr-0e22ce6c2a380c260","cidr_ipv4":"0.0.0.0/0","cidr_ipv6":null,"description":null,"from_port":3000,"id":"sgr-0e22ce6c2a380c260","ip_protocol":"tcp","prefix_list_id":null,"referenced_security_group_id":null,"security_group_id":"sg-086814e7b4a0fbc05","security_group_rule_id":"sgr-0e22ce6c2a380c260","tags":null,"tags_all":{},"to_port":3000},"after_unknown":{},"before_sensitive":{"tags_all":{}},"after_sensitive":{"tags_all":{}}}},{"address":"aws_vpc_security_group_ingress_rule.allow_ssh","mode":"managed","type":"aws_vpc_security_group_ingress_rule","name":"allow_ssh","provider_name":"registry.terraform.io/hashicorp/aws","change":{"actions":["no-op"],"before":{"arn":"arn:aws:ec2:eu-central-1:337909773697:security-group-rule/sgr-0bd377864aa4fac9f","cidr_ipv4":"185.143.147.161/32","cidr_ipv6":null,"description":null,"from_port":22,"id":"sgr-0bd377864aa4fac9f","ip_protocol":"tcp","prefix_list_id":null,"referenced_security_group_id":null,"security_group_id":"sg-086814e7b4a0fbc05","security_group_rule_id":"sgr-0bd377864aa4fac9f","tags":null,"tags_all":{},"to_port":22},"after":{"arn":"arn:aws:ec2:eu-central-1:337909773697:security-group-rule/sgr-0bd377864aa4fac9f","cidr_ipv4":"185.143.147.161/32","cidr_ipv6":null,"description":null,"from_port":22,"id":"sgr-0bd377864aa4fac9f","ip_protocol":"tcp","prefix_list_id":null,"referenced_security_group_id":null,"security_group_id":"sg-086814e7b4a0fbc05","security_group_rule_id":"sgr-0bd377864aa4fac9f","tags":null,"tags_all":{},"to_port":22},"after_unknown":{},"before_sensitive":{"tags_all":{}},"after_sensitive":{"tags_all":{}}}}],"output_changes":{"security_group_id":{"actions":["no-op"],"before":"sg-086814e7b4a0fbc05","after":"sg-086814e7b4a0fbc05","after_unknown":false,"before_sensitive":false,"after_sensitive":false},"subnet_id":{"actions":["create"],"before":null,"after_unknown":true,"before_sensitive":false,"after_sensitive":false}},"prior_state":{"format_version":"1.0","terraform_version":"1.10.3","values":{"outputs":{"security_group_id":{"sensitive":false,"value":"sg-086814e7b4a0fbc05","type":"string"}},"root_module":{"resources":[{"address":"aws_internet_gateway.igw","mode":"managed","type":"aws_internet_gateway","name":"igw","provider_name":"registry.terraform.io/hashicorp/aws","schema_version":0,"values":{"arn":"arn:aws:ec2:eu-central-1:337909773697:internet-gateway/igw-03bf39cae175986e7","id":"igw-03bf39cae175986e7","owner_id":"337909773697","tags":{"Name":"mate-aws-grafana-lab"},"tags_all":{"Name":"mate-aws-grafana-lab"},"timeouts":null,"vpc_id":"vpc-00c64b1940c321e76"},"sensitive_values":{"tags":{},"tags_all":{}}},{"address":"aws_route_table.route_table","mode":"managed","type":"aws_route_table","name":"route_table","provider_name":"registry.terraform.io/hashicorp/aws","schema_version":0,"values":{"arn":"arn:aws:ec2:eu-central-1:337909773697:route-table/rtb-011efea6acb26ada2","id":"rtb-011efea6acb26ada2","owner_id":"337909773697","propagating_vgws":[],"route":[{"carrier_gateway_id":"","cidr_block":"0.0.0.0/0","core_network_arn":"","destination_prefix_list_id":"","egress_only_gateway_id":"","gateway_id":"igw-03bf39cae175986e7","ipv6_cidr_block":"","local_gateway_id":"","nat_gateway_id":"","network_interface_id":"","transit_gateway_id":"","vpc_endpoint_id":"","vpc_peering_connection_id":""}],"tags":{"Name":"mate-aws-grafana-lab"},"tags_all":{"Name":"mate-aws-grafana-lab"},"timeouts":null,"vpc_id":"vpc-00c64b1940c321e76"},"sensitive_values":{"propagating_vgws":[],"route":[{}],"tags":{},"tags_all":{}},"depends_on":["aws_internet_gateway.igw"]},{"address":"aws_security_group.sg","mode":"managed","type":"aws_security_group","name":"sg","provider_name":"registry.terraform.io/hashicorp/aws","schema_version":1,"values":{"arn":"arn:aws:ec2:eu-central-1:337909773697:security-group/sg-086814e7b4a0fbc05","description":"Managed by Terraform","egress":[{"cidr_blocks":["0.0.0.0/0"],"description":"","from_port":0,"ipv6_cidr_blocks":[],"prefix_list_ids":[],"protocol":"-1","security_groups":[],"self":false,"to_port":0}],"id":"sg-086814e7b4a0fbc05","ingress":[{"cidr_blocks":["0.0.0.0/0"],"description":"","from_port":3000,"ipv6_cidr_blocks":[],"prefix_list_ids":[],"protocol":"tcp","security_groups":[],"self":false,"to_port":3000},{"cidr_blocks":["185.143.147.161/32"],"description":"","from_port":22,"ipv6_cidr_blocks":[],"prefix_list_ids":[],"protocol":"tcp","security_groups":[],"self":false,"to_port":22}],"name":"mate-aws-grafana-lab","name_prefix":"","owner_id":"337909773697","revoke_rules_on_delete":false,"tags":{"Name":"mate-aws-grafana-lab"},"tags_all":{"Name":"mate-aws-grafana-lab"},"timeouts":null,"vpc_id":"vpc-00c64b1940c321e76"},"sensitive_values":{"egress":[{"cidr_blocks":[false],"ipv6_cidr_blocks":[],"prefix_list_ids":[],"security_groups":[]}],"ingress":[{"cidr_blocks":[false],"ipv6_cidr_blocks":[],"prefix_list_ids":[],"security_groups":[]},{"cidr_blocks":[false],"ipv6_cidr_blocks":[],"prefix_list_ids":[],"security_groups":[]}],"tags":{},"tags_all":{}}},{"address":"aws_vpc_security_group_egress_rule.allow_all_eggress","mode":"managed","type":"aws_vpc_security_group_egress_rule","name":"allow_all_eggress","provider_name":"registry.terraform.io/hashicorp/aws","schema_version":0,"values":{"arn":"arn:aws:ec2:eu-central-1:337909773697:security-group-rule/sgr-0a1a15a819e28602a","cidr_ipv4":"0.0.0.0/0","cidr_ipv6":null,"description":null,"from_port":null,"id":"sgr-0a1a15a819e28602a","ip_protocol":"-1","prefix_list_id":null,"referenced_security_group_id":null,"security_group_id":"sg-086814e7b4a0fbc05","security_group_rule_id":"sgr-0a1a15a819e28602a","tags":null,"tags_all":{},"to_port":null},"sensitive_values":{"tags_all":{}},"depends_on":["aws_security_group.sg"]},{"address":"aws_vpc_security_group_ingress_rule.allow_http","mode":"managed","type":"aws_vpc_security_group_ingress_rule","name":"allow_http","provider_name":"registry.terraform.io/hashicorp/aws","schema_version":0,"values":{"arn":"arn:aws:ec2:eu-central-1:337909773697:security-group-rule/sgr-0e22ce6c2a380c260","cidr_ipv4":"0.0.0.0/0","cidr_ipv6":null,"description":null,"from_port":3000,"id":"sgr-0e22ce6c2a380c260","ip_protocol":"tcp","prefix_list_id":null,"referenced_security_group_id":null,"security_group_id":"sg-086814e7b4a0fbc05","security_group_rule_id":"sgr-0e22ce6c2a380c260","tags":null,"tags_all":{},"to_port":3000},"sensitive_values":{"tags_all":{}},"depends_on":["aws_security_group.sg"]},{"address":"aws_vpc_security_group_ingress_rule.allow_ssh","mode":"managed","type":"aws_vpc_security_group_ingress_rule","name":"allow_ssh","provider_name":"registry.terraform.io/hashicorp/aws","schema_version":0,"values":{"arn":"arn:aws:ec2:eu-central-1:337909773697:security-group-rule/sgr-0bd377864aa4fac9f","cidr_ipv4":"185.143.147.161/32","cidr_ipv6":null,"description":null,"from_port":22,"id":"sgr-0bd377864aa4fac9f","ip_protocol":"tcp","prefix_list_id":null,"referenced_security_group_id":null,"security_group_id":"sg-086814e7b4a0fbc05","security_group_rule_id":"sgr-0bd377864aa4fac9f","tags":null,"tags_all":{},"to_port":22},"sensitive_values":{"tags_all":{}},"depends_on":["aws_security_group.sg"]}]}}},"configuration":{"provider_config":{"aws":{"name":"aws","full_name":"registry.terraform.io/hashicorp/aws","version_constraint":"~\u003e 5.0"}},"root_module":{"outputs":{"security_group_id":{"expression":{"references":["aws_security_group.sg.id","aws_security_group.sg"]},"description":"ID of the security group, deployed by the module"},"subnet_id":{"expression":{"references":["aws_subnet.subnet.id","aws_subnet.subnet"]},"description":"ID of the VPC subnet, deployed by the module"}},"resources":[{"address":"aws_internet_gateway.igw","mode":"managed","type":"aws_internet_gateway","name":"igw","provider_config_key":"aws","expressions":{"tags":{"constant_value":{"Name":"mate-aws-grafana-lab"}},"vpc_id":{"references":["var.vpc_id"]}},"schema_version":0},{"address":"aws_route_table.route_table","mode":"managed","type":"aws_route_table","name":"route_table","provider_config_key":"aws","expressions":{"route":{"references":["aws_internet_gateway.igw.id","aws_internet_gateway.igw"]},"tags":{"constant_value":{"Name":"mate-aws-grafana-lab"}},"vpc_id":{"references":["var.vpc_id"]}},"schema_version":0},{"address":"aws_route_table_association.route_table_association","mode":"managed","type":"aws_route_table_association","name":"route_table_association","provider_config_key":"aws","expressions":{"route_table_id":{"references":["aws_route_table.route_table.id","aws_route_table.route_table"]},"subnet_id":{"references":["aws_subnet.subnet.id","aws_subnet.subnet"]}},"schema_version":0},{"address":"aws_security_group.sg","mode":"managed","type":"aws_security_group","name":"sg","provider_config_key":"aws","expressions":{"name":{"constant_value":"mate-aws-grafana-lab"},"tags":{"constant_value":{"Name":"mate-aws-grafana-lab"}},"vpc_id":{"references":["var.vpc_id"]}},"schema_version":1},{"address":"aws_subnet.subnet","mode":"managed","type":"aws_subnet","name":"subnet","provider_config_key":"aws","expressions":{"cidr_block":{"constant_value":"10.0.0.0/24"},"tags":{"constant_value":{"Name":"grafana"}},"vpc_id":{"references":["var.vpc_id"]}},"schema_version":1},{"address":"aws_vpc_security_group_egress_rule.allow_all_eggress","mode":"managed","type":"aws_vpc_security_group_egress_rule","name":"allow_all_eggress","provider_config_key":"aws","expressions":{"cidr_ipv4":{"constant_value":"0.0.0.0/0"},"ip_protocol":{"constant_value":-1},"security_group_id":{"references":["aws_security_group.sg.id","aws_security_group.sg"]}},"schema_version":0},{"address":"aws_vpc_security_group_ingress_rule.allow_http","mode":"managed","type":"aws_vpc_security_group_ingress_rule","name":"allow_http","provider_config_key":"aws","expressions":{"cidr_ipv4":{"constant_value":"0.0.0.0/0"},"from_port":{"constant_value":3000},"ip_protocol":{"constant_value":"tcp"},"security_group_id":{"references":["aws_security_group.sg.id","aws_security_group.sg"]},"to_port":{"constant_value":3000}},"schema_version":0},{"address":"aws_vpc_security_group_ingress_rule.allow_ssh","mode":"managed","type":"aws_vpc_security_group_ingress_rule","name":"allow_ssh","provider_config_key":"aws","expressions":{"cidr_ipv4":{"constant_value":"185.143.147.161/32"},"from_port":{"constant_value":22},"ip_protocol":{"constant_value":"tcp"},"security_group_id":{"references":["aws_security_group.sg.id","aws_security_group.sg"]},"to_port":{"constant_value":22}},"schema_version":0}],"variables":{"vpc_id":{"description":"ID of the VPC, you deployed in the previous task."}}}},"relevant_attributes":[{"resource":"aws_subnet.subnet","attribute":["id"]},{"resource":"aws_route_table.route_table","attribute":["id"]}],"timestamp":"2025-02-28T17:53:41Z","applyable":true,"complete":true,"errored":false}
