{"format_version":"1.2","terraform_version":"1.12.2","variables":{"vpc_id":{"value":"vpc-05bafdf1b38d1bf51"}},"planned_values":{"outputs":{"security_group_id":{"sensitive":false,"type":"string","value":""},"subnet_id":{"sensitive":false,"type":"string","value":"subnet-0f8bf1bf0c1815917"}},"root_module":{"resources":[{"address":"aws_internet_gateway.grafana_igw","mode":"managed","type":"aws_internet_gateway","name":"grafana_igw","provider_name":"registry.terraform.io/hashicorp/aws","schema_version":0,"values":{"arn":"arn:aws:ec2:eu-central-1:435772683233:internet-gateway/igw-0e27960c54dcabccf","id":"igw-0e27960c54dcabccf","owner_id":"435772683233","tags":{"Name":"mate-aws-grafana-lab"},"tags_all":{"Name":"mate-aws-grafana-lab"},"timeouts":null,"vpc_id":"vpc-05bafdf1b38d1bf51"},"sensitive_values":{"tags":{},"tags_all":{}}},{"address":"aws_route_table.grafana_route_table","mode":"managed","type":"aws_route_table","name":"grafana_route_table","provider_name":"registry.terraform.io/hashicorp/aws","schema_version":0,"values":{"arn":"arn:aws:ec2:eu-central-1:435772683233:route-table/rtb-0bf2697e82f895fba","id":"rtb-0bf2697e82f895fba","owner_id":"435772683233","propagating_vgws":[],"route":[{"carrier_gateway_id":"","cidr_block":"0.0.0.0/0","core_network_arn":"","destination_prefix_list_id":"","egress_only_gateway_id":"","gateway_id":"igw-0e27960c54dcabccf","ipv6_cidr_block":"","local_gateway_id":"","nat_gateway_id":"","network_interface_id":"","transit_gateway_id":"","vpc_endpoint_id":"","vpc_peering_connection_id":""}],"tags":{"Name":"mate-aws-grafana-lab"},"tags_all":{"Name":"mate-aws-grafana-lab"},"timeouts":null,"vpc_id":"vpc-05bafdf1b38d1bf51"},"sensitive_values":{"propagating_vgws":[],"route":[{}],"tags":{},"tags_all":{}}},{"address":"aws_route_table_association.grafana_route_table_association","mode":"managed","type":"aws_route_table_association","name":"grafana_route_table_association","provider_name":"registry.terraform.io/hashicorp/aws","schema_version":0,"values":{"gateway_id":"","id":"rtbassoc-08cbc89791b193420","route_table_id":"rtb-0bf2697e82f895fba","subnet_id":"subnet-0a948811788ad1164","timeouts":null},"sensitive_values":{}},{"address":"aws_security_group.grafana_security_group","mode":"managed","type":"aws_security_group","name":"grafana_security_group","provider_name":"registry.terraform.io/hashicorp/aws","schema_version":1,"values":{"arn":"arn:aws:ec2:eu-central-1:435772683233:security-group/sg-06f67bac259d0edf3","description":"Managed by Terraform","egress":[{"cidr_blocks":["0.0.0.0/0"],"description":"","from_port":0,"ipv6_cidr_blocks":[],"prefix_list_ids":[],"protocol":"-1","security_groups":[],"self":false,"to_port":0}],"id":"sg-06f67bac259d0edf3","ingress":[{"cidr_blocks":["0.0.0.0/0"],"description":"","from_port":22,"ipv6_cidr_blocks":[],"prefix_list_ids":[],"protocol":"tcp","security_groups":[],"self":false,"to_port":22},{"cidr_blocks":["0.0.0.0/0"],"description":"","from_port":3000,"ipv6_cidr_blocks":[],"prefix_list_ids":[],"protocol":"tcp","security_groups":[],"self":false,"to_port":3000},{"cidr_blocks":["0.0.0.0/0"],"description":"","from_port":443,"ipv6_cidr_blocks":[],"prefix_list_ids":[],"protocol":"tcp","security_groups":[],"self":false,"to_port":443},{"cidr_blocks":["0.0.0.0/0"],"description":"","from_port":80,"ipv6_cidr_blocks":[],"prefix_list_ids":[],"protocol":"tcp","security_groups":[],"self":false,"to_port":80}],"name":"terraform-20250805133826696800000001","name_prefix":"terraform-","owner_id":"435772683233","revoke_rules_on_delete":false,"tags":{"Name":"mate-aws-grafana-lab"},"tags_all":{"Name":"mate-aws-grafana-lab"},"timeouts":null,"vpc_id":"vpc-05bafdf1b38d1bf51"},"sensitive_values":{"egress":[{"cidr_blocks":[false],"ipv6_cidr_blocks":[],"prefix_list_ids":[],"security_groups":[]}],"ingress":[{"cidr_blocks":[false],"ipv6_cidr_blocks":[],"prefix_list_ids":[],"security_groups":[]},{"cidr_blocks":[false],"ipv6_cidr_blocks":[],"prefix_list_ids":[],"security_groups":[]},{"cidr_blocks":[false],"ipv6_cidr_blocks":[],"prefix_list_ids":[],"security_groups":[]},{"cidr_blocks":[false],"ipv6_cidr_blocks":[],"prefix_list_ids":[],"security_groups":[]}],"tags":{},"tags_all":{}}},{"address":"aws_subnet.grafana_subnet","mode":"managed","type":"aws_subnet","name":"grafana_subnet","provider_name":"registry.terraform.io/hashicorp/aws","schema_version":1,"values":{"arn":"arn:aws:ec2:eu-central-1:435772683233:subnet/subnet-0a948811788ad1164","assign_ipv6_address_on_creation":false,"availability_zone":"eu-central-1c","availability_zone_id":"euc1-az1","cidr_block":"10.0.1.0/24","customer_owned_ipv4_pool":"","enable_dns64":false,"enable_lni_at_device_index":0,"enable_resource_name_dns_a_record_on_launch":false,"enable_resource_name_dns_aaaa_record_on_launch":false,"id":"subnet-0a948811788ad1164","ipv6_cidr_block":"","ipv6_cidr_block_association_id":"","ipv6_native":false,"map_customer_owned_ip_on_launch":false,"map_public_ip_on_launch":true,"outpost_arn":"","owner_id":"435772683233","private_dns_hostname_type_on_launch":"ip-name","tags":{"Name":"grafana"},"tags_all":{"Name":"grafana"},"timeouts":null,"vpc_id":"vpc-05bafdf1b38d1bf51"},"sensitive_values":{"tags":{},"tags_all":{}}},{"address":"aws_vpc_security_group_egress_rule.allow_all_eggress","mode":"managed","type":"aws_vpc_security_group_egress_rule","name":"allow_all_eggress","provider_name":"registry.terraform.io/hashicorp/aws","schema_version":0,"values":{"arn":"arn:aws:ec2:eu-central-1:435772683233:security-group-rule/sgr-04c810261824cbacc","cidr_ipv4":"0.0.0.0/0","cidr_ipv6":null,"description":null,"from_port":null,"id":"sgr-04c810261824cbacc","ip_protocol":"-1","prefix_list_id":null,"referenced_security_group_id":null,"security_group_id":"sg-06f67bac259d0edf3","security_group_rule_id":"sgr-04c810261824cbacc","tags":null,"tags_all":{},"to_port":null},"sensitive_values":{"tags_all":{}}},{"address":"aws_vpc_security_group_ingress_rule.allow_grafana","mode":"managed","type":"aws_vpc_security_group_ingress_rule","name":"allow_grafana","provider_name":"registry.terraform.io/hashicorp/aws","schema_version":0,"values":{"cidr_ipv4":"0.0.0.0/0","cidr_ipv6":null,"description":null,"from_port":3000,"ip_protocol":"tcp","prefix_list_id":null,"referenced_security_group_id":null,"security_group_id":"sg-06f67bac259d0edf3","tags":null,"tags_all":{},"to_port":3000},"sensitive_values":{"tags_all":{}}},{"address":"aws_vpc_security_group_ingress_rule.allow_ssh","mode":"managed","type":"aws_vpc_security_group_ingress_rule","name":"allow_ssh","provider_name":"registry.terraform.io/hashicorp/aws","schema_version":0,"values":{"cidr_ipv4":"176.115.99.169/32","cidr_ipv6":null,"description":null,"from_port":22,"ip_protocol":"tcp","prefix_list_id":null,"referenced_security_group_id":null,"security_group_id":"sg-06f67bac259d0edf3","tags":null,"tags_all":{},"to_port":22},"sensitive_values":{"tags_all":{}}}]}},"resource_drift":[{"address":"aws_security_group.grafana_security_group","mode":"managed","type":"aws_security_group","name":"grafana_security_group","provider_name":"registry.terraform.io/hashicorp/aws","change":{"actions":["update"],"before":{"arn":"arn:aws:ec2:eu-central-1:435772683233:security-group/sg-06f67bac259d0edf3","description":"Managed by Terraform","egress":[],"id":"sg-06f67bac259d0edf3","ingress":[],"name":"terraform-20250805133826696800000001","name_prefix":"terraform-","owner_id":"435772683233","revoke_rules_on_delete":false,"tags":{"Name":"mate-aws-grafana-lab"},"tags_all":{"Name":"mate-aws-grafana-lab"},"timeouts":null,"vpc_id":"vpc-05bafdf1b38d1bf51"},"after":{"arn":"arn:aws:ec2:eu-central-1:435772683233:security-group/sg-06f67bac259d0edf3","description":"Managed by Terraform","egress":[{"cidr_blocks":["0.0.0.0/0"],"description":"","from_port":0,"ipv6_cidr_blocks":[],"prefix_list_ids":[],"protocol":"-1","security_groups":[],"self":false,"to_port":0}],"id":"sg-06f67bac259d0edf3","ingress":[],"name":"terraform-20250805133826696800000001","name_prefix":"terraform-","owner_id":"435772683233","revoke_rules_on_delete":false,"tags":{"Name":"mate-aws-grafana-lab"},"tags_all":{"Name":"mate-aws-grafana-lab"},"timeouts":null,"vpc_id":"vpc-05bafdf1b38d1bf51"},"after_unknown":{},"before_sensitive":{"egress":[],"ingress":[],"tags":{},"tags_all":{}},"after_sensitive":{"egress":[{"cidr_blocks":[false],"ipv6_cidr_blocks":[],"prefix_list_ids":[],"security_groups":[]}],"ingress":[],"tags":{},"tags_all":{}}}}],"resource_changes":[{"address":"aws_internet_gateway.grafana_igw","mode":"managed","type":"aws_internet_gateway","name":"grafana_igw","provider_name":"registry.terraform.io/hashicorp/aws","change":{"actions":["no-op"],"before":{"arn":"arn:aws:ec2:eu-central-1:435772683233:internet-gateway/igw-0e27960c54dcabccf","id":"igw-0e27960c54dcabccf","owner_id":"435772683233","tags":{"Name":"mate-aws-grafana-lab"},"tags_all":{"Name":"mate-aws-grafana-lab"},"timeouts":null,"vpc_id":"vpc-05bafdf1b38d1bf51"},"after":{"arn":"arn:aws:ec2:eu-central-1:435772683233:internet-gateway/igw-0e27960c54dcabccf","id":"igw-0e27960c54dcabccf","owner_id":"435772683233","tags":{"Name":"mate-aws-grafana-lab"},"tags_all":{"Name":"mate-aws-grafana-lab"},"timeouts":null,"vpc_id":"vpc-05bafdf1b38d1bf51"},"after_unknown":{},"before_sensitive":{"tags":{},"tags_all":{}},"after_sensitive":{"tags":{},"tags_all":{}}}},{"address":"aws_route_table.grafana_route_table","mode":"managed","type":"aws_route_table","name":"grafana_route_table","provider_name":"registry.terraform.io/hashicorp/aws","change":{"actions":["no-op"],"before":{"arn":"arn:aws:ec2:eu-central-1:435772683233:route-table/rtb-0bf2697e82f895fba","id":"rtb-0bf2697e82f895fba","owner_id":"435772683233","propagating_vgws":[],"route":[{"carrier_gateway_id":"","cidr_block":"0.0.0.0/0","core_network_arn":"","destination_prefix_list_id":"","egress_only_gateway_id":"","gateway_id":"igw-0e27960c54dcabccf","ipv6_cidr_block":"","local_gateway_id":"","nat_gateway_id":"","network_interface_id":"","transit_gateway_id":"","vpc_endpoint_id":"","vpc_peering_connection_id":""}],"tags":{"Name":"mate-aws-grafana-lab"},"tags_all":{"Name":"mate-aws-grafana-lab"},"timeouts":null,"vpc_id":"vpc-05bafdf1b38d1bf51"},"after":{"arn":"arn:aws:ec2:eu-central-1:435772683233:route-table/rtb-0bf2697e82f895fba","id":"rtb-0bf2697e82f895fba","owner_id":"435772683233","propagating_vgws":[],"route":[{"carrier_gateway_id":"","cidr_block":"0.0.0.0/0","core_network_arn":"","destination_prefix_list_id":"","egress_only_gateway_id":"","gateway_id":"igw-0e27960c54dcabccf","ipv6_cidr_block":"","local_gateway_id":"","nat_gateway_id":"","network_interface_id":"","transit_gateway_id":"","vpc_endpoint_id":"","vpc_peering_connection_id":""}],"tags":{"Name":"mate-aws-grafana-lab"},"tags_all":{"Name":"mate-aws-grafana-lab"},"timeouts":null,"vpc_id":"vpc-05bafdf1b38d1bf51"},"after_unknown":{},"before_sensitive":{"propagating_vgws":[],"route":[{}],"tags":{},"tags_all":{}},"after_sensitive":{"propagating_vgws":[],"route":[{}],"tags":{},"tags_all":{}}}},{"address":"aws_route_table_association.grafana_route_table_association","mode":"managed","type":"aws_route_table_association","name":"grafana_route_table_association","provider_name":"registry.terraform.io/hashicorp/aws","change":{"actions":["no-op"],"before":{"gateway_id":"","id":"rtbassoc-08cbc89791b193420","route_table_id":"rtb-0bf2697e82f895fba","subnet_id":"subnet-0a948811788ad1164","timeouts":null},"after":{"gateway_id":"","id":"rtbassoc-08cbc89791b193420","route_table_id":"rtb-0bf2697e82f895fba","subnet_id":"subnet-0a948811788ad1164","timeouts":null},"after_unknown":{},"before_sensitive":{},"after_sensitive":{}}},{"address":"aws_security_group.grafana_security_group","mode":"managed","type":"aws_security_group","name":"grafana_security_group","provider_name":"registry.terraform.io/hashicorp/aws","change":{"actions":["update"],"before":{"arn":"arn:aws:ec2:eu-central-1:435772683233:security-group/sg-06f67bac259d0edf3","description":"Managed by Terraform","egress":[{"cidr_blocks":["0.0.0.0/0"],"description":"","from_port":0,"ipv6_cidr_blocks":[],"prefix_list_ids":[],"protocol":"-1","security_groups":[],"self":false,"to_port":0}],"id":"sg-06f67bac259d0edf3","ingress":[],"name":"terraform-20250805133826696800000001","name_prefix":"terraform-","owner_id":"435772683233","revoke_rules_on_delete":false,"tags":{"Name":"mate-aws-grafana-lab"},"tags_all":{"Name":"mate-aws-grafana-lab"},"timeouts":null,"vpc_id":"vpc-05bafdf1b38d1bf51"},"after":{"arn":"arn:aws:ec2:eu-central-1:435772683233:security-group/sg-06f67bac259d0edf3","description":"Managed by Terraform","egress":[{"cidr_blocks":["0.0.0.0/0"],"description":"","from_port":0,"ipv6_cidr_blocks":[],"prefix_list_ids":[],"protocol":"-1","security_groups":[],"self":false,"to_port":0}],"id":"sg-06f67bac259d0edf3","ingress":[{"cidr_blocks":["0.0.0.0/0"],"description":"","from_port":22,"ipv6_cidr_blocks":[],"prefix_list_ids":[],"protocol":"tcp","security_groups":[],"self":false,"to_port":22},{"cidr_blocks":["0.0.0.0/0"],"description":"","from_port":3000,"ipv6_cidr_blocks":[],"prefix_list_ids":[],"protocol":"tcp","security_groups":[],"self":false,"to_port":3000},{"cidr_blocks":["0.0.0.0/0"],"description":"","from_port":443,"ipv6_cidr_blocks":[],"prefix_list_ids":[],"protocol":"tcp","security_groups":[],"self":false,"to_port":443},{"cidr_blocks":["0.0.0.0/0"],"description":"","from_port":80,"ipv6_cidr_blocks":[],"prefix_list_ids":[],"protocol":"tcp","security_groups":[],"self":false,"to_port":80}],"name":"terraform-20250805133826696800000001","name_prefix":"terraform-","owner_id":"435772683233","revoke_rules_on_delete":false,"tags":{"Name":"mate-aws-grafana-lab"},"tags_all":{"Name":"mate-aws-grafana-lab"},"timeouts":null,"vpc_id":"vpc-05bafdf1b38d1bf51"},"after_unknown":{},"before_sensitive":{"egress":[{"cidr_blocks":[false],"ipv6_cidr_blocks":[],"prefix_list_ids":[],"security_groups":[]}],"ingress":[],"tags":{},"tags_all":{}},"after_sensitive":{"egress":[{"cidr_blocks":[false],"ipv6_cidr_blocks":[],"prefix_list_ids":[],"security_groups":[]}],"ingress":[{"cidr_blocks":[false],"ipv6_cidr_blocks":[],"prefix_list_ids":[],"security_groups":[]},{"cidr_blocks":[false],"ipv6_cidr_blocks":[],"prefix_list_ids":[],"security_groups":[]},{"cidr_blocks":[false],"ipv6_cidr_blocks":[],"prefix_list_ids":[],"security_groups":[]},{"cidr_blocks":[false],"ipv6_cidr_blocks":[],"prefix_list_ids":[],"security_groups":[]}],"tags":{},"tags_all":{}}}},{"address":"aws_subnet.grafana_subnet","mode":"managed","type":"aws_subnet","name":"grafana_subnet","provider_name":"registry.terraform.io/hashicorp/aws","change":{"actions":["no-op"],"before":{"arn":"arn:aws:ec2:eu-central-1:435772683233:subnet/subnet-0a948811788ad1164","assign_ipv6_address_on_creation":false,"availability_zone":"eu-central-1c","availability_zone_id":"euc1-az1","cidr_block":"10.0.1.0/24","customer_owned_ipv4_pool":"","enable_dns64":false,"enable_lni_at_device_index":0,"enable_resource_name_dns_a_record_on_launch":false,"enable_resource_name_dns_aaaa_record_on_launch":false,"id":"subnet-0a948811788ad1164","ipv6_cidr_block":"","ipv6_cidr_block_association_id":"","ipv6_native":false,"map_customer_owned_ip_on_launch":false,"map_public_ip_on_launch":true,"outpost_arn":"","owner_id":"435772683233","private_dns_hostname_type_on_launch":"ip-name","tags":{"Name":"grafana"},"tags_all":{"Name":"grafana"},"timeouts":null,"vpc_id":"vpc-05bafdf1b38d1bf51"},"after":{"arn":"arn:aws:ec2:eu-central-1:435772683233:subnet/subnet-0a948811788ad1164","assign_ipv6_address_on_creation":false,"availability_zone":"eu-central-1c","availability_zone_id":"euc1-az1","cidr_block":"10.0.1.0/24","customer_owned_ipv4_pool":"","enable_dns64":false,"enable_lni_at_device_index":0,"enable_resource_name_dns_a_record_on_launch":false,"enable_resource_name_dns_aaaa_record_on_launch":false,"id":"subnet-0a948811788ad1164","ipv6_cidr_block":"","ipv6_cidr_block_association_id":"","ipv6_native":false,"map_customer_owned_ip_on_launch":false,"map_public_ip_on_launch":true,"outpost_arn":"","owner_id":"435772683233","private_dns_hostname_type_on_launch":"ip-name","tags":{"Name":"grafana"},"tags_all":{"Name":"grafana"},"timeouts":null,"vpc_id":"vpc-05bafdf1b38d1bf51"},"after_unknown":{},"before_sensitive":{"tags":{},"tags_all":{}},"after_sensitive":{"tags":{},"tags_all":{}}}},{"address":"aws_vpc_security_group_egress_rule.allow_all_eggress","mode":"managed","type":"aws_vpc_security_group_egress_rule","name":"allow_all_eggress","provider_name":"registry.terraform.io/hashicorp/aws","change":{"actions":["no-op"],"before":{"arn":"arn:aws:ec2:eu-central-1:435772683233:security-group-rule/sgr-04c810261824cbacc","cidr_ipv4":"0.0.0.0/0","cidr_ipv6":null,"description":null,"from_port":null,"id":"sgr-04c810261824cbacc","ip_protocol":"-1","prefix_list_id":null,"referenced_security_group_id":null,"security_group_id":"sg-06f67bac259d0edf3","security_group_rule_id":"sgr-04c810261824cbacc","tags":null,"tags_all":{},"to_port":null},"after":{"arn":"arn:aws:ec2:eu-central-1:435772683233:security-group-rule/sgr-04c810261824cbacc","cidr_ipv4":"0.0.0.0/0","cidr_ipv6":null,"description":null,"from_port":null,"id":"sgr-04c810261824cbacc","ip_protocol":"-1","prefix_list_id":null,"referenced_security_group_id":null,"security_group_id":"sg-06f67bac259d0edf3","security_group_rule_id":"sgr-04c810261824cbacc","tags":null,"tags_all":{},"to_port":null},"after_unknown":{},"before_sensitive":{"tags_all":{}},"after_sensitive":{"tags_all":{}}}},{"address":"aws_vpc_security_group_ingress_rule.allow_grafana","mode":"managed","type":"aws_vpc_security_group_ingress_rule","name":"allow_grafana","provider_name":"registry.terraform.io/hashicorp/aws","change":{"actions":["create"],"before":null,"after":{"cidr_ipv4":"0.0.0.0/0","cidr_ipv6":null,"description":null,"from_port":3000,"ip_protocol":"tcp","prefix_list_id":null,"referenced_security_group_id":null,"security_group_id":"sg-06f67bac259d0edf3","tags":null,"tags_all":{},"to_port":3000},"after_unknown":{"arn":true,"id":true,"security_group_rule_id":true,"tags_all":{}},"before_sensitive":false,"after_sensitive":{"tags_all":{}}}},{"address":"aws_vpc_security_group_ingress_rule.allow_ssh","mode":"managed","type":"aws_vpc_security_group_ingress_rule","name":"allow_ssh","provider_name":"registry.terraform.io/hashicorp/aws","change":{"actions":["create"],"before":null,"after":{"cidr_ipv4":"176.115.99.169/32","cidr_ipv6":null,"description":null,"from_port":22,"ip_protocol":"tcp","prefix_list_id":null,"referenced_security_group_id":null,"security_group_id":"sg-06f67bac259d0edf3","tags":null,"tags_all":{},"to_port":22},"after_unknown":{"arn":true,"id":true,"security_group_rule_id":true,"tags_all":{}},"before_sensitive":false,"after_sensitive":{"tags_all":{}}}}],"output_changes":{"security_group_id":{"actions":["no-op"],"before":"","after":"","after_unknown":false,"before_sensitive":false,"after_sensitive":false},"subnet_id":{"actions":["update"],"before":"","after":"subnet-0f8bf1bf0c1815917","after_unknown":false,"before_sensitive":false,"after_sensitive":false}},"prior_state":{"format_version":"1.0","terraform_version":"1.12.2","values":{"outputs":{"security_group_id":{"sensitive":false,"value":"","type":"string"},"subnet_id":{"sensitive":false,"value":"subnet-0f8bf1bf0c1815917","type":"string"}},"root_module":{"resources":[{"address":"aws_internet_gateway.grafana_igw","mode":"managed","type":"aws_internet_gateway","name":"grafana_igw","provider_name":"registry.terraform.io/hashicorp/aws","schema_version":0,"values":{"arn":"arn:aws:ec2:eu-central-1:435772683233:internet-gateway/igw-0e27960c54dcabccf","id":"igw-0e27960c54dcabccf","owner_id":"435772683233","tags":{"Name":"mate-aws-grafana-lab"},"tags_all":{"Name":"mate-aws-grafana-lab"},"timeouts":null,"vpc_id":"vpc-05bafdf1b38d1bf51"},"sensitive_values":{"tags":{},"tags_all":{}}},{"address":"aws_route_table.grafana_route_table","mode":"managed","type":"aws_route_table","name":"grafana_route_table","provider_name":"registry.terraform.io/hashicorp/aws","schema_version":0,"values":{"arn":"arn:aws:ec2:eu-central-1:435772683233:route-table/rtb-0bf2697e82f895fba","id":"rtb-0bf2697e82f895fba","owner_id":"435772683233","propagating_vgws":[],"route":[{"carrier_gateway_id":"","cidr_block":"0.0.0.0/0","core_network_arn":"","destination_prefix_list_id":"","egress_only_gateway_id":"","gateway_id":"igw-0e27960c54dcabccf","ipv6_cidr_block":"","local_gateway_id":"","nat_gateway_id":"","network_interface_id":"","transit_gateway_id":"","vpc_endpoint_id":"","vpc_peering_connection_id":""}],"tags":{"Name":"mate-aws-grafana-lab"},"tags_all":{"Name":"mate-aws-grafana-lab"},"timeouts":null,"vpc_id":"vpc-05bafdf1b38d1bf51"},"sensitive_values":{"propagating_vgws":[],"route":[{}],"tags":{},"tags_all":{}},"depends_on":["aws_internet_gateway.grafana_igw"]},{"address":"aws_route_table_association.grafana_route_table_association","mode":"managed","type":"aws_route_table_association","name":"grafana_route_table_association","provider_name":"registry.terraform.io/hashicorp/aws","schema_version":0,"values":{"gateway_id":"","id":"rtbassoc-08cbc89791b193420","route_table_id":"rtb-0bf2697e82f895fba","subnet_id":"subnet-0a948811788ad1164","timeouts":null},"sensitive_values":{},"depends_on":["aws_internet_gateway.grafana_igw","aws_route_table.grafana_route_table","aws_subnet.grafana_subnet"]},{"address":"aws_security_group.grafana_security_group","mode":"managed","type":"aws_security_group","name":"grafana_security_group","provider_name":"registry.terraform.io/hashicorp/aws","schema_version":1,"values":{"arn":"arn:aws:ec2:eu-central-1:435772683233:security-group/sg-06f67bac259d0edf3","description":"Managed by Terraform","egress":[{"cidr_blocks":["0.0.0.0/0"],"description":"","from_port":0,"ipv6_cidr_blocks":[],"prefix_list_ids":[],"protocol":"-1","security_groups":[],"self":false,"to_port":0}],"id":"sg-06f67bac259d0edf3","ingress":[],"name":"terraform-20250805133826696800000001","name_prefix":"terraform-","owner_id":"435772683233","revoke_rules_on_delete":false,"tags":{"Name":"mate-aws-grafana-lab"},"tags_all":{"Name":"mate-aws-grafana-lab"},"timeouts":null,"vpc_id":"vpc-05bafdf1b38d1bf51"},"sensitive_values":{"egress":[{"cidr_blocks":[false],"ipv6_cidr_blocks":[],"prefix_list_ids":[],"security_groups":[]}],"ingress":[],"tags":{},"tags_all":{}}},{"address":"aws_subnet.grafana_subnet","mode":"managed","type":"aws_subnet","name":"grafana_subnet","provider_name":"registry.terraform.io/hashicorp/aws","schema_version":1,"values":{"arn":"arn:aws:ec2:eu-central-1:435772683233:subnet/subnet-0a948811788ad1164","assign_ipv6_address_on_creation":false,"availability_zone":"eu-central-1c","availability_zone_id":"euc1-az1","cidr_block":"10.0.1.0/24","customer_owned_ipv4_pool":"","enable_dns64":false,"enable_lni_at_device_index":0,"enable_resource_name_dns_a_record_on_launch":false,"enable_resource_name_dns_aaaa_record_on_launch":false,"id":"subnet-0a948811788ad1164","ipv6_cidr_block":"","ipv6_cidr_block_association_id":"","ipv6_native":false,"map_customer_owned_ip_on_launch":false,"map_public_ip_on_launch":true,"outpost_arn":"","owner_id":"435772683233","private_dns_hostname_type_on_launch":"ip-name","tags":{"Name":"grafana"},"tags_all":{"Name":"grafana"},"timeouts":null,"vpc_id":"vpc-05bafdf1b38d1bf51"},"sensitive_values":{"tags":{},"tags_all":{}}},{"address":"aws_vpc_security_group_egress_rule.allow_all_eggress","mode":"managed","type":"aws_vpc_security_group_egress_rule","name":"allow_all_eggress","provider_name":"registry.terraform.io/hashicorp/aws","schema_version":0,"values":{"arn":"arn:aws:ec2:eu-central-1:435772683233:security-group-rule/sgr-04c810261824cbacc","cidr_ipv4":"0.0.0.0/0","cidr_ipv6":null,"description":null,"from_port":null,"id":"sgr-04c810261824cbacc","ip_protocol":"-1","prefix_list_id":null,"referenced_security_group_id":null,"security_group_id":"sg-06f67bac259d0edf3","security_group_rule_id":"sgr-04c810261824cbacc","tags":null,"tags_all":{},"to_port":null},"sensitive_values":{"tags_all":{}},"depends_on":["aws_security_group.grafana_security_group"]}]}}},"configuration":{"provider_config":{"aws":{"name":"aws","full_name":"registry.terraform.io/hashicorp/aws","version_constraint":"~\u003e 5.0"}},"root_module":{"outputs":{"security_group_id":{"expression":{"constant_value":""},"description":"ID of the security group, deployed by the module"},"subnet_id":{"expression":{"constant_value":"subnet-0f8bf1bf0c1815917"},"description":"ID of the VPC subnet, deployed by the module"}},"resources":[{"address":"aws_internet_gateway.grafana_igw","mode":"managed","type":"aws_internet_gateway","name":"grafana_igw","provider_config_key":"aws","expressions":{"tags":{"constant_value":{"Name":"mate-aws-grafana-lab"}},"vpc_id":{"references":["var.vpc_id"]}},"schema_version":0},{"address":"aws_route_table.grafana_route_table","mode":"managed","type":"aws_route_table","name":"grafana_route_table","provider_config_key":"aws","expressions":{"route":{"references":["aws_internet_gateway.grafana_igw.id","aws_internet_gateway.grafana_igw"]},"tags":{"constant_value":{"Name":"mate-aws-grafana-lab"}},"vpc_id":{"references":["var.vpc_id"]}},"schema_version":0},{"address":"aws_route_table_association.grafana_route_table_association","mode":"managed","type":"aws_route_table_association","name":"grafana_route_table_association","provider_config_key":"aws","expressions":{"route_table_id":{"references":["aws_route_table.grafana_route_table.id","aws_route_table.grafana_route_table"]},"subnet_id":{"references":["aws_subnet.grafana_subnet.id","aws_subnet.grafana_subnet"]}},"schema_version":0},{"address":"aws_security_group.grafana_security_group","mode":"managed","type":"aws_security_group","name":"grafana_security_group","provider_config_key":"aws","expressions":{"egress":{"constant_value":[{"cidr_blocks":["0.0.0.0/0"],"description":null,"from_port":0,"ipv6_cidr_blocks":null,"prefix_list_ids":null,"protocol":"-1","security_groups":null,"self":null,"to_port":0}]},"ingress":{"constant_value":[{"cidr_blocks":["0.0.0.0/0"],"description":null,"from_port":3000,"ipv6_cidr_blocks":null,"prefix_list_ids":null,"protocol":"tcp","security_groups":null,"self":null,"to_port":3000},{"cidr_blocks":["0.0.0.0/0"],"description":null,"from_port":80,"ipv6_cidr_blocks":null,"prefix_list_ids":null,"protocol":"tcp","security_groups":null,"self":null,"to_port":80},{"cidr_blocks":["0.0.0.0/0"],"description":null,"from_port":443,"ipv6_cidr_blocks":null,"prefix_list_ids":null,"protocol":"tcp","security_groups":null,"self":null,"to_port":443},{"cidr_blocks":["0.0.0.0/0"],"description":null,"from_port":22,"ipv6_cidr_blocks":null,"prefix_list_ids":null,"protocol":"tcp","security_groups":null,"self":null,"to_port":22}]},"tags":{"constant_value":{"Name":"mate-aws-grafana-lab"}},"vpc_id":{"references":["var.vpc_id"]}},"schema_version":1},{"address":"aws_subnet.grafana_subnet","mode":"managed","type":"aws_subnet","name":"grafana_subnet","provider_config_key":"aws","expressions":{"cidr_block":{"constant_value":"10.0.1.0/24"},"map_public_ip_on_launch":{"constant_value":true},"tags":{"constant_value":{"Name":"grafana"}},"vpc_id":{"references":["var.vpc_id"]}},"schema_version":1},{"address":"aws_vpc_security_group_egress_rule.allow_all_eggress","mode":"managed","type":"aws_vpc_security_group_egress_rule","name":"allow_all_eggress","provider_config_key":"aws","expressions":{"cidr_ipv4":{"constant_value":"0.0.0.0/0"},"ip_protocol":{"constant_value":-1},"security_group_id":{"references":["aws_security_group.grafana_security_group.id","aws_security_group.grafana_security_group"]}},"schema_version":0},{"address":"aws_vpc_security_group_ingress_rule.allow_grafana","mode":"managed","type":"aws_vpc_security_group_ingress_rule","name":"allow_grafana","provider_config_key":"aws","expressions":{"cidr_ipv4":{"constant_value":"0.0.0.0/0"},"from_port":{"constant_value":3000},"ip_protocol":{"constant_value":"tcp"},"security_group_id":{"references":["aws_security_group.grafana_security_group.id","aws_security_group.grafana_security_group"]},"to_port":{"constant_value":3000}},"schema_version":0},{"address":"aws_vpc_security_group_ingress_rule.allow_ssh","mode":"managed","type":"aws_vpc_security_group_ingress_rule","name":"allow_ssh","provider_config_key":"aws","expressions":{"cidr_ipv4":{"constant_value":"176.115.99.169/32"},"from_port":{"constant_value":22},"ip_protocol":{"constant_value":"tcp"},"security_group_id":{"references":["aws_security_group.grafana_security_group.id","aws_security_group.grafana_security_group"]},"to_port":{"constant_value":22}},"schema_version":0}],"variables":{"vpc_id":{"description":"ID of the VPC, you deployed in the previous task."}}}},"relevant_attributes":[{"resource":"aws_security_group.grafana_security_group","attribute":["id"]}],"timestamp":"2025-08-05T16:22:20Z","applyable":true,"complete":true,"errored":false}
