{"format_version":"1.2","terraform_version":"1.11.4","variables":{"vpc_id":{"value":"vpc-0a91bed61b42f8fba"}},"planned_values":{"outputs":{"grafana_igw_id":{"sensitive":false,"type":"string","value":"igw-0a1adb7c7a876ad6c"},"grafana_route_table_id":{"sensitive":false,"type":"string","value":"rtb-04240224795c08d7a"},"grafana_sg_id":{"sensitive":false},"grafana_subnet_id":{"sensitive":false,"type":"string","value":"subnet-02fcc6089cd605ee7"}},"root_module":{"resources":[{"address":"aws_internet_gateway.grafana_igw","mode":"managed","type":"aws_internet_gateway","name":"grafana_igw","provider_name":"registry.terraform.io/hashicorp/aws","schema_version":0,"values":{"arn":"arn:aws:ec2:eu-central-1:092382576226:internet-gateway/igw-0a1adb7c7a876ad6c","id":"igw-0a1adb7c7a876ad6c","owner_id":"092382576226","tags":{"Name":"mate-aws-grafana-lab"},"tags_all":{"Name":"mate-aws-grafana-lab"},"timeouts":null,"vpc_id":"vpc-0a91bed61b42f8fba"},"sensitive_values":{"tags":{},"tags_all":{}}},{"address":"aws_route_table.grafana_rt","mode":"managed","type":"aws_route_table","name":"grafana_rt","provider_name":"registry.terraform.io/hashicorp/aws","schema_version":0,"values":{"arn":"arn:aws:ec2:eu-central-1:092382576226:route-table/rtb-04240224795c08d7a","id":"rtb-04240224795c08d7a","owner_id":"092382576226","propagating_vgws":[],"route":[{"carrier_gateway_id":"","cidr_block":"0.0.0.0/0","core_network_arn":"","destination_prefix_list_id":"","egress_only_gateway_id":"","gateway_id":"igw-0a1adb7c7a876ad6c","ipv6_cidr_block":"","local_gateway_id":"","nat_gateway_id":"","network_interface_id":"","transit_gateway_id":"","vpc_endpoint_id":"","vpc_peering_connection_id":""}],"tags":{"Name":"mate-aws-grafana-lab"},"tags_all":{"Name":"mate-aws-grafana-lab"},"timeouts":null,"vpc_id":"vpc-0a91bed61b42f8fba"},"sensitive_values":{"propagating_vgws":[],"route":[{}],"tags":{},"tags_all":{}}},{"address":"aws_route_table_association.grafana_rta","mode":"managed","type":"aws_route_table_association","name":"grafana_rta","provider_name":"registry.terraform.io/hashicorp/aws","schema_version":0,"values":{"gateway_id":"","id":"rtbassoc-028d95460fe66a52c","route_table_id":"rtb-04240224795c08d7a","subnet_id":"subnet-02fcc6089cd605ee7","timeouts":null},"sensitive_values":{}},{"address":"aws_security_group.grafana_sg","mode":"managed","type":"aws_security_group","name":"grafana_sg","provider_name":"registry.terraform.io/hashicorp/aws","schema_version":1,"values":{"description":"Allow HTTP, HTTPS, SSH to Grafana","name":"mate-aws-grafana-lab","revoke_rules_on_delete":false,"tags":{"Name":"mate-aws-grafana-lab"},"tags_all":{"Name":"mate-aws-grafana-lab"},"timeouts":null,"vpc_id":"vpc-0a91bed61b42f8fba"},"sensitive_values":{"egress":[],"ingress":[],"tags":{},"tags_all":{}}},{"address":"aws_security_group_rule.allow_http","mode":"managed","type":"aws_security_group_rule","name":"allow_http","provider_name":"registry.terraform.io/hashicorp/aws","schema_version":2,"values":{"cidr_blocks":["0.0.0.0/0"],"description":null,"from_port":80,"ipv6_cidr_blocks":null,"prefix_list_ids":null,"protocol":"tcp","self":false,"timeouts":null,"to_port":80,"type":"ingress"},"sensitive_values":{"cidr_blocks":[false]}},{"address":"aws_security_group_rule.allow_https","mode":"managed","type":"aws_security_group_rule","name":"allow_https","provider_name":"registry.terraform.io/hashicorp/aws","schema_version":2,"values":{"cidr_blocks":["0.0.0.0/0"],"description":null,"from_port":443,"ipv6_cidr_blocks":null,"prefix_list_ids":null,"protocol":"tcp","self":false,"timeouts":null,"to_port":443,"type":"ingress"},"sensitive_values":{"cidr_blocks":[false]}},{"address":"aws_subnet.grafana","mode":"managed","type":"aws_subnet","name":"grafana","provider_name":"registry.terraform.io/hashicorp/aws","schema_version":1,"values":{"arn":"arn:aws:ec2:eu-central-1:092382576226:subnet/subnet-02fcc6089cd605ee7","assign_ipv6_address_on_creation":false,"availability_zone":"eu-central-1a","availability_zone_id":"euc1-az2","cidr_block":"10.0.10.0/24","customer_owned_ipv4_pool":"","enable_dns64":false,"enable_lni_at_device_index":0,"enable_resource_name_dns_a_record_on_launch":false,"enable_resource_name_dns_aaaa_record_on_launch":false,"id":"subnet-02fcc6089cd605ee7","ipv6_cidr_block":"","ipv6_cidr_block_association_id":"","ipv6_native":false,"map_customer_owned_ip_on_launch":false,"map_public_ip_on_launch":false,"outpost_arn":"","owner_id":"092382576226","private_dns_hostname_type_on_launch":"ip-name","tags":{"Name":"grafana"},"tags_all":{"Name":"grafana"},"timeouts":null,"vpc_id":"vpc-0a91bed61b42f8fba"},"sensitive_values":{"tags":{},"tags_all":{}}},{"address":"aws_vpc_security_group_egress_rule.egress","mode":"managed","type":"aws_vpc_security_group_egress_rule","name":"egress","provider_name":"registry.terraform.io/hashicorp/aws","schema_version":0,"values":{"cidr_ipv4":"0.0.0.0/0","cidr_ipv6":null,"description":null,"from_port":0,"ip_protocol":"-1","prefix_list_id":null,"referenced_security_group_id":null,"tags":null,"tags_all":{},"to_port":0},"sensitive_values":{"tags_all":{}}},{"address":"aws_vpc_security_group_ingress_rule.grafana","mode":"managed","type":"aws_vpc_security_group_ingress_rule","name":"grafana","provider_name":"registry.terraform.io/hashicorp/aws","schema_version":0,"values":{"cidr_ipv4":"0.0.0.0/0","cidr_ipv6":null,"description":null,"from_port":3000,"ip_protocol":"tcp","prefix_list_id":null,"referenced_security_group_id":null,"tags":null,"tags_all":{},"to_port":3000},"sensitive_values":{"tags_all":{}}},{"address":"aws_vpc_security_group_ingress_rule.ssh","mode":"managed","type":"aws_vpc_security_group_ingress_rule","name":"ssh","provider_name":"registry.terraform.io/hashicorp/aws","schema_version":0,"values":{"cidr_ipv4":"185.136.134.23/32","cidr_ipv6":null,"description":null,"from_port":22,"ip_protocol":"tcp","prefix_list_id":null,"referenced_security_group_id":null,"tags":null,"tags_all":{},"to_port":22},"sensitive_values":{"tags_all":{}}}]}},"resource_changes":[{"address":"aws_internet_gateway.grafana_igw","mode":"managed","type":"aws_internet_gateway","name":"grafana_igw","provider_name":"registry.terraform.io/hashicorp/aws","change":{"actions":["update"],"before":{"arn":"arn:aws:ec2:eu-central-1:092382576226:internet-gateway/igw-0a1adb7c7a876ad6c","id":"igw-0a1adb7c7a876ad6c","owner_id":"092382576226","tags":{"Name":"mate-aws-grafana-lab-igw"},"tags_all":{"Name":"mate-aws-grafana-lab-igw"},"timeouts":null,"vpc_id":"vpc-0a91bed61b42f8fba"},"after":{"arn":"arn:aws:ec2:eu-central-1:092382576226:internet-gateway/igw-0a1adb7c7a876ad6c","id":"igw-0a1adb7c7a876ad6c","owner_id":"092382576226","tags":{"Name":"mate-aws-grafana-lab"},"tags_all":{"Name":"mate-aws-grafana-lab"},"timeouts":null,"vpc_id":"vpc-0a91bed61b42f8fba"},"after_unknown":{},"before_sensitive":{"tags":{},"tags_all":{}},"after_sensitive":{"tags":{},"tags_all":{}}}},{"address":"aws_route_table.grafana_rt","mode":"managed","type":"aws_route_table","name":"grafana_rt","provider_name":"registry.terraform.io/hashicorp/aws","change":{"actions":["update"],"before":{"arn":"arn:aws:ec2:eu-central-1:092382576226:route-table/rtb-04240224795c08d7a","id":"rtb-04240224795c08d7a","owner_id":"092382576226","propagating_vgws":[],"route":[{"carrier_gateway_id":"","cidr_block":"0.0.0.0/0","core_network_arn":"","destination_prefix_list_id":"","egress_only_gateway_id":"","gateway_id":"igw-0a1adb7c7a876ad6c","ipv6_cidr_block":"","local_gateway_id":"","nat_gateway_id":"","network_interface_id":"","transit_gateway_id":"","vpc_endpoint_id":"","vpc_peering_connection_id":""}],"tags":{"Name":"mate-aws-grafana-lab-rt"},"tags_all":{"Name":"mate-aws-grafana-lab-rt"},"timeouts":null,"vpc_id":"vpc-0a91bed61b42f8fba"},"after":{"arn":"arn:aws:ec2:eu-central-1:092382576226:route-table/rtb-04240224795c08d7a","id":"rtb-04240224795c08d7a","owner_id":"092382576226","propagating_vgws":[],"route":[{"carrier_gateway_id":"","cidr_block":"0.0.0.0/0","core_network_arn":"","destination_prefix_list_id":"","egress_only_gateway_id":"","gateway_id":"igw-0a1adb7c7a876ad6c","ipv6_cidr_block":"","local_gateway_id":"","nat_gateway_id":"","network_interface_id":"","transit_gateway_id":"","vpc_endpoint_id":"","vpc_peering_connection_id":""}],"tags":{"Name":"mate-aws-grafana-lab"},"tags_all":{"Name":"mate-aws-grafana-lab"},"timeouts":null,"vpc_id":"vpc-0a91bed61b42f8fba"},"after_unknown":{},"before_sensitive":{"propagating_vgws":[],"route":[{}],"tags":{},"tags_all":{}},"after_sensitive":{"propagating_vgws":[],"route":[{}],"tags":{},"tags_all":{}}}},{"address":"aws_route_table_association.grafana_rta","mode":"managed","type":"aws_route_table_association","name":"grafana_rta","provider_name":"registry.terraform.io/hashicorp/aws","change":{"actions":["no-op"],"before":{"gateway_id":"","id":"rtbassoc-028d95460fe66a52c","route_table_id":"rtb-04240224795c08d7a","subnet_id":"subnet-02fcc6089cd605ee7","timeouts":null},"after":{"gateway_id":"","id":"rtbassoc-028d95460fe66a52c","route_table_id":"rtb-04240224795c08d7a","subnet_id":"subnet-02fcc6089cd605ee7","timeouts":null},"after_unknown":{},"before_sensitive":{},"after_sensitive":{}}},{"address":"aws_security_group.grafana_sg","mode":"managed","type":"aws_security_group","name":"grafana_sg","provider_name":"registry.terraform.io/hashicorp/aws","change":{"actions":["delete","create"],"before":{"arn":"arn:aws:ec2:eu-central-1:092382576226:security-group/sg-076d851f6bf271b22","description":"Allow HTTP, HTTPS, SSH to Grafana","egress":[{"cidr_blocks":["0.0.0.0/0"],"description":"","from_port":0,"ipv6_cidr_blocks":[],"prefix_list_ids":[],"protocol":"-1","security_groups":[],"self":false,"to_port":0}],"id":"sg-076d851f6bf271b22","ingress":[{"cidr_blocks":["0.0.0.0/0"],"description":"","from_port":443,"ipv6_cidr_blocks":[],"prefix_list_ids":[],"protocol":"tcp","security_groups":[],"self":false,"to_port":443},{"cidr_blocks":["0.0.0.0/0"],"description":"","from_port":80,"ipv6_cidr_blocks":[],"prefix_list_ids":[],"protocol":"tcp","security_groups":[],"self":false,"to_port":80},{"cidr_blocks":["185.136.134.23/32"],"description":"","from_port":22,"ipv6_cidr_blocks":[],"prefix_list_ids":[],"protocol":"tcp","security_groups":[],"self":false,"to_port":22}],"name":"mate-aws-grafana-lab-sg","name_prefix":"","owner_id":"092382576226","revoke_rules_on_delete":false,"tags":{"Name":"mate-aws-grafana-lab-sg"},"tags_all":{"Name":"mate-aws-grafana-lab-sg"},"timeouts":null,"vpc_id":"vpc-0a91bed61b42f8fba"},"after":{"description":"Allow HTTP, HTTPS, SSH to Grafana","name":"mate-aws-grafana-lab","revoke_rules_on_delete":false,"tags":{"Name":"mate-aws-grafana-lab"},"tags_all":{"Name":"mate-aws-grafana-lab"},"timeouts":null,"vpc_id":"vpc-0a91bed61b42f8fba"},"after_unknown":{"arn":true,"egress":true,"id":true,"ingress":true,"name_prefix":true,"owner_id":true,"tags":{},"tags_all":{}},"before_sensitive":{"egress":[{"cidr_blocks":[false],"ipv6_cidr_blocks":[],"prefix_list_ids":[],"security_groups":[]}],"ingress":[{"cidr_blocks":[false],"ipv6_cidr_blocks":[],"prefix_list_ids":[],"security_groups":[]},{"cidr_blocks":[false],"ipv6_cidr_blocks":[],"prefix_list_ids":[],"security_groups":[]},{"cidr_blocks":[false],"ipv6_cidr_blocks":[],"prefix_list_ids":[],"security_groups":[]}],"tags":{},"tags_all":{}},"after_sensitive":{"egress":[],"ingress":[],"tags":{},"tags_all":{}},"replace_paths":[["name"]]},"action_reason":"replace_because_cannot_update"},{"address":"aws_security_group_rule.allow_http","mode":"managed","type":"aws_security_group_rule","name":"allow_http","provider_name":"registry.terraform.io/hashicorp/aws","change":{"actions":["delete","create"],"before":{"cidr_blocks":["0.0.0.0/0"],"description":null,"from_port":80,"id":"sgrule-4278461111","ipv6_cidr_blocks":null,"prefix_list_ids":null,"protocol":"tcp","security_group_id":"sg-076d851f6bf271b22","security_group_rule_id":"sgr-0a1aa832bf8ebaebc","self":false,"source_security_group_id":null,"timeouts":null,"to_port":80,"type":"ingress"},"after":{"cidr_blocks":["0.0.0.0/0"],"description":null,"from_port":80,"ipv6_cidr_blocks":null,"prefix_list_ids":null,"protocol":"tcp","self":false,"timeouts":null,"to_port":80,"type":"ingress"},"after_unknown":{"cidr_blocks":[false],"id":true,"security_group_id":true,"security_group_rule_id":true,"source_security_group_id":true},"before_sensitive":{"cidr_blocks":[false]},"after_sensitive":{"cidr_blocks":[false]},"replace_paths":[["security_group_id"]]},"action_reason":"replace_because_cannot_update"},{"address":"aws_security_group_rule.allow_https","mode":"managed","type":"aws_security_group_rule","name":"allow_https","provider_name":"registry.terraform.io/hashicorp/aws","change":{"actions":["delete","create"],"before":{"cidr_blocks":["0.0.0.0/0"],"description":null,"from_port":443,"id":"sgrule-3636978797","ipv6_cidr_blocks":null,"prefix_list_ids":null,"protocol":"tcp","security_group_id":"sg-076d851f6bf271b22","security_group_rule_id":"sgr-08371d5e6d4f086d0","self":false,"source_security_group_id":null,"timeouts":null,"to_port":443,"type":"ingress"},"after":{"cidr_blocks":["0.0.0.0/0"],"description":null,"from_port":443,"ipv6_cidr_blocks":null,"prefix_list_ids":null,"protocol":"tcp","self":false,"timeouts":null,"to_port":443,"type":"ingress"},"after_unknown":{"cidr_blocks":[false],"id":true,"security_group_id":true,"security_group_rule_id":true,"source_security_group_id":true},"before_sensitive":{"cidr_blocks":[false]},"after_sensitive":{"cidr_blocks":[false]},"replace_paths":[["security_group_id"]]},"action_reason":"replace_because_cannot_update"},{"address":"aws_security_group_rule.allow_ssh","mode":"managed","type":"aws_security_group_rule","name":"allow_ssh","provider_name":"registry.terraform.io/hashicorp/aws","change":{"actions":["delete"],"before":{"cidr_blocks":["185.136.134.23/32"],"description":null,"from_port":22,"id":"sgrule-3852618488","ipv6_cidr_blocks":null,"prefix_list_ids":null,"protocol":"tcp","security_group_id":"sg-076d851f6bf271b22","security_group_rule_id":"sgr-0dd20ee5ac67777f6","self":false,"source_security_group_id":null,"timeouts":null,"to_port":22,"type":"ingress"},"after":null,"after_unknown":{},"before_sensitive":{"cidr_blocks":[false]},"after_sensitive":false},"action_reason":"delete_because_no_resource_config"},{"address":"aws_subnet.grafana","mode":"managed","type":"aws_subnet","name":"grafana","provider_name":"registry.terraform.io/hashicorp/aws","change":{"actions":["no-op"],"before":{"arn":"arn:aws:ec2:eu-central-1:092382576226:subnet/subnet-02fcc6089cd605ee7","assign_ipv6_address_on_creation":false,"availability_zone":"eu-central-1a","availability_zone_id":"euc1-az2","cidr_block":"10.0.10.0/24","customer_owned_ipv4_pool":"","enable_dns64":false,"enable_lni_at_device_index":0,"enable_resource_name_dns_a_record_on_launch":false,"enable_resource_name_dns_aaaa_record_on_launch":false,"id":"subnet-02fcc6089cd605ee7","ipv6_cidr_block":"","ipv6_cidr_block_association_id":"","ipv6_native":false,"map_customer_owned_ip_on_launch":false,"map_public_ip_on_launch":false,"outpost_arn":"","owner_id":"092382576226","private_dns_hostname_type_on_launch":"ip-name","tags":{"Name":"grafana"},"tags_all":{"Name":"grafana"},"timeouts":null,"vpc_id":"vpc-0a91bed61b42f8fba"},"after":{"arn":"arn:aws:ec2:eu-central-1:092382576226:subnet/subnet-02fcc6089cd605ee7","assign_ipv6_address_on_creation":false,"availability_zone":"eu-central-1a","availability_zone_id":"euc1-az2","cidr_block":"10.0.10.0/24","customer_owned_ipv4_pool":"","enable_dns64":false,"enable_lni_at_device_index":0,"enable_resource_name_dns_a_record_on_launch":false,"enable_resource_name_dns_aaaa_record_on_launch":false,"id":"subnet-02fcc6089cd605ee7","ipv6_cidr_block":"","ipv6_cidr_block_association_id":"","ipv6_native":false,"map_customer_owned_ip_on_launch":false,"map_public_ip_on_launch":false,"outpost_arn":"","owner_id":"092382576226","private_dns_hostname_type_on_launch":"ip-name","tags":{"Name":"grafana"},"tags_all":{"Name":"grafana"},"timeouts":null,"vpc_id":"vpc-0a91bed61b42f8fba"},"after_unknown":{},"before_sensitive":{"tags":{},"tags_all":{}},"after_sensitive":{"tags":{},"tags_all":{}}}},{"address":"aws_vpc_security_group_egress_rule.egress","mode":"managed","type":"aws_vpc_security_group_egress_rule","name":"egress","provider_name":"registry.terraform.io/hashicorp/aws","change":{"actions":["create"],"before":null,"after":{"cidr_ipv4":"0.0.0.0/0","cidr_ipv6":null,"description":null,"from_port":0,"ip_protocol":"-1","prefix_list_id":null,"referenced_security_group_id":null,"tags":null,"tags_all":{},"to_port":0},"after_unknown":{"arn":true,"id":true,"security_group_id":true,"security_group_rule_id":true,"tags_all":{}},"before_sensitive":false,"after_sensitive":{"tags_all":{}}}},{"address":"aws_vpc_security_group_ingress_rule.grafana","mode":"managed","type":"aws_vpc_security_group_ingress_rule","name":"grafana","provider_name":"registry.terraform.io/hashicorp/aws","change":{"actions":["create"],"before":null,"after":{"cidr_ipv4":"0.0.0.0/0","cidr_ipv6":null,"description":null,"from_port":3000,"ip_protocol":"tcp","prefix_list_id":null,"referenced_security_group_id":null,"tags":null,"tags_all":{},"to_port":3000},"after_unknown":{"arn":true,"id":true,"security_group_id":true,"security_group_rule_id":true,"tags_all":{}},"before_sensitive":false,"after_sensitive":{"tags_all":{}}}},{"address":"aws_vpc_security_group_ingress_rule.ssh","mode":"managed","type":"aws_vpc_security_group_ingress_rule","name":"ssh","provider_name":"registry.terraform.io/hashicorp/aws","change":{"actions":["create"],"before":null,"after":{"cidr_ipv4":"185.136.134.23/32","cidr_ipv6":null,"description":null,"from_port":22,"ip_protocol":"tcp","prefix_list_id":null,"referenced_security_group_id":null,"tags":null,"tags_all":{},"to_port":22},"after_unknown":{"arn":true,"id":true,"security_group_id":true,"security_group_rule_id":true,"tags_all":{}},"before_sensitive":false,"after_sensitive":{"tags_all":{}}}}],"output_changes":{"grafana_igw_id":{"actions":["no-op"],"before":"igw-0a1adb7c7a876ad6c","after":"igw-0a1adb7c7a876ad6c","after_unknown":false,"before_sensitive":false,"after_sensitive":false},"grafana_route_table_id":{"actions":["no-op"],"before":"rtb-04240224795c08d7a","after":"rtb-04240224795c08d7a","after_unknown":false,"before_sensitive":false,"after_sensitive":false},"grafana_sg_id":{"actions":["update"],"before":"sg-076d851f6bf271b22","after_unknown":true,"before_sensitive":false,"after_sensitive":false},"grafana_subnet_id":{"actions":["no-op"],"before":"subnet-02fcc6089cd605ee7","after":"subnet-02fcc6089cd605ee7","after_unknown":false,"before_sensitive":false,"after_sensitive":false}},"prior_state":{"format_version":"1.0","terraform_version":"1.11.4","values":{"outputs":{"grafana_igw_id":{"sensitive":false,"value":"igw-0a1adb7c7a876ad6c","type":"string"},"grafana_route_table_id":{"sensitive":false,"value":"rtb-04240224795c08d7a","type":"string"},"grafana_sg_id":{"sensitive":false,"value":"sg-076d851f6bf271b22","type":"string"},"grafana_subnet_id":{"sensitive":false,"value":"subnet-02fcc6089cd605ee7","type":"string"}},"root_module":{"resources":[{"address":"aws_internet_gateway.grafana_igw","mode":"managed","type":"aws_internet_gateway","name":"grafana_igw","provider_name":"registry.terraform.io/hashicorp/aws","schema_version":0,"values":{"arn":"arn:aws:ec2:eu-central-1:092382576226:internet-gateway/igw-0a1adb7c7a876ad6c","id":"igw-0a1adb7c7a876ad6c","owner_id":"092382576226","tags":{"Name":"mate-aws-grafana-lab-igw"},"tags_all":{"Name":"mate-aws-grafana-lab-igw"},"timeouts":null,"vpc_id":"vpc-0a91bed61b42f8fba"},"sensitive_values":{"tags":{},"tags_all":{}}},{"address":"aws_route_table.grafana_rt","mode":"managed","type":"aws_route_table","name":"grafana_rt","provider_name":"registry.terraform.io/hashicorp/aws","schema_version":0,"values":{"arn":"arn:aws:ec2:eu-central-1:092382576226:route-table/rtb-04240224795c08d7a","id":"rtb-04240224795c08d7a","owner_id":"092382576226","propagating_vgws":[],"route":[{"carrier_gateway_id":"","cidr_block":"0.0.0.0/0","core_network_arn":"","destination_prefix_list_id":"","egress_only_gateway_id":"","gateway_id":"igw-0a1adb7c7a876ad6c","ipv6_cidr_block":"","local_gateway_id":"","nat_gateway_id":"","network_interface_id":"","transit_gateway_id":"","vpc_endpoint_id":"","vpc_peering_connection_id":""}],"tags":{"Name":"mate-aws-grafana-lab-rt"},"tags_all":{"Name":"mate-aws-grafana-lab-rt"},"timeouts":null,"vpc_id":"vpc-0a91bed61b42f8fba"},"sensitive_values":{"propagating_vgws":[],"route":[{}],"tags":{},"tags_all":{}},"depends_on":["aws_internet_gateway.grafana_igw"]},{"address":"aws_route_table_association.grafana_rta","mode":"managed","type":"aws_route_table_association","name":"grafana_rta","provider_name":"registry.terraform.io/hashicorp/aws","schema_version":0,"values":{"gateway_id":"","id":"rtbassoc-028d95460fe66a52c","route_table_id":"rtb-04240224795c08d7a","subnet_id":"subnet-02fcc6089cd605ee7","timeouts":null},"sensitive_values":{},"depends_on":["aws_internet_gateway.grafana_igw","aws_route_table.grafana_rt","aws_subnet.grafana"]},{"address":"aws_security_group.grafana_sg","mode":"managed","type":"aws_security_group","name":"grafana_sg","provider_name":"registry.terraform.io/hashicorp/aws","schema_version":1,"values":{"arn":"arn:aws:ec2:eu-central-1:092382576226:security-group/sg-076d851f6bf271b22","description":"Allow HTTP, HTTPS, SSH to Grafana","egress":[{"cidr_blocks":["0.0.0.0/0"],"description":"","from_port":0,"ipv6_cidr_blocks":[],"prefix_list_ids":[],"protocol":"-1","security_groups":[],"self":false,"to_port":0}],"id":"sg-076d851f6bf271b22","ingress":[{"cidr_blocks":["0.0.0.0/0"],"description":"","from_port":443,"ipv6_cidr_blocks":[],"prefix_list_ids":[],"protocol":"tcp","security_groups":[],"self":false,"to_port":443},{"cidr_blocks":["0.0.0.0/0"],"description":"","from_port":80,"ipv6_cidr_blocks":[],"prefix_list_ids":[],"protocol":"tcp","security_groups":[],"self":false,"to_port":80},{"cidr_blocks":["185.136.134.23/32"],"description":"","from_port":22,"ipv6_cidr_blocks":[],"prefix_list_ids":[],"protocol":"tcp","security_groups":[],"self":false,"to_port":22}],"name":"mate-aws-grafana-lab-sg","name_prefix":"","owner_id":"092382576226","revoke_rules_on_delete":false,"tags":{"Name":"mate-aws-grafana-lab-sg"},"tags_all":{"Name":"mate-aws-grafana-lab-sg"},"timeouts":null,"vpc_id":"vpc-0a91bed61b42f8fba"},"sensitive_values":{"egress":[{"cidr_blocks":[false],"ipv6_cidr_blocks":[],"prefix_list_ids":[],"security_groups":[]}],"ingress":[{"cidr_blocks":[false],"ipv6_cidr_blocks":[],"prefix_list_ids":[],"security_groups":[]},{"cidr_blocks":[false],"ipv6_cidr_blocks":[],"prefix_list_ids":[],"security_groups":[]},{"cidr_blocks":[false],"ipv6_cidr_blocks":[],"prefix_list_ids":[],"security_groups":[]}],"tags":{},"tags_all":{}}},{"address":"aws_security_group_rule.allow_http","mode":"managed","type":"aws_security_group_rule","name":"allow_http","provider_name":"registry.terraform.io/hashicorp/aws","schema_version":2,"values":{"cidr_blocks":["0.0.0.0/0"],"description":null,"from_port":80,"id":"sgrule-4278461111","ipv6_cidr_blocks":null,"prefix_list_ids":null,"protocol":"tcp","security_group_id":"sg-076d851f6bf271b22","security_group_rule_id":"sgr-0a1aa832bf8ebaebc","self":false,"source_security_group_id":null,"timeouts":null,"to_port":80,"type":"ingress"},"sensitive_values":{"cidr_blocks":[false]},"depends_on":["aws_security_group.grafana_sg"]},{"address":"aws_security_group_rule.allow_https","mode":"managed","type":"aws_security_group_rule","name":"allow_https","provider_name":"registry.terraform.io/hashicorp/aws","schema_version":2,"values":{"cidr_blocks":["0.0.0.0/0"],"description":null,"from_port":443,"id":"sgrule-3636978797","ipv6_cidr_blocks":null,"prefix_list_ids":null,"protocol":"tcp","security_group_id":"sg-076d851f6bf271b22","security_group_rule_id":"sgr-08371d5e6d4f086d0","self":false,"source_security_group_id":null,"timeouts":null,"to_port":443,"type":"ingress"},"sensitive_values":{"cidr_blocks":[false]},"depends_on":["aws_security_group.grafana_sg"]},{"address":"aws_security_group_rule.allow_ssh","mode":"managed","type":"aws_security_group_rule","name":"allow_ssh","provider_name":"registry.terraform.io/hashicorp/aws","schema_version":2,"values":{"cidr_blocks":["185.136.134.23/32"],"description":null,"from_port":22,"id":"sgrule-3852618488","ipv6_cidr_blocks":null,"prefix_list_ids":null,"protocol":"tcp","security_group_id":"sg-076d851f6bf271b22","security_group_rule_id":"sgr-0dd20ee5ac67777f6","self":false,"source_security_group_id":null,"timeouts":null,"to_port":22,"type":"ingress"},"sensitive_values":{"cidr_blocks":[false]},"depends_on":["aws_security_group.grafana_sg"]},{"address":"aws_subnet.grafana","mode":"managed","type":"aws_subnet","name":"grafana","provider_name":"registry.terraform.io/hashicorp/aws","schema_version":1,"values":{"arn":"arn:aws:ec2:eu-central-1:092382576226:subnet/subnet-02fcc6089cd605ee7","assign_ipv6_address_on_creation":false,"availability_zone":"eu-central-1a","availability_zone_id":"euc1-az2","cidr_block":"10.0.10.0/24","customer_owned_ipv4_pool":"","enable_dns64":false,"enable_lni_at_device_index":0,"enable_resource_name_dns_a_record_on_launch":false,"enable_resource_name_dns_aaaa_record_on_launch":false,"id":"subnet-02fcc6089cd605ee7","ipv6_cidr_block":"","ipv6_cidr_block_association_id":"","ipv6_native":false,"map_customer_owned_ip_on_launch":false,"map_public_ip_on_launch":false,"outpost_arn":"","owner_id":"092382576226","private_dns_hostname_type_on_launch":"ip-name","tags":{"Name":"grafana"},"tags_all":{"Name":"grafana"},"timeouts":null,"vpc_id":"vpc-0a91bed61b42f8fba"},"sensitive_values":{"tags":{},"tags_all":{}}}]}}},"configuration":{"provider_config":{"aws":{"name":"aws","full_name":"registry.terraform.io/hashicorp/aws","version_constraint":"~\u003e 5.0"}},"root_module":{"outputs":{"grafana_igw_id":{"expression":{"references":["aws_internet_gateway.grafana_igw.id","aws_internet_gateway.grafana_igw"]}},"grafana_route_table_id":{"expression":{"references":["aws_route_table.grafana_rt.id","aws_route_table.grafana_rt"]}},"grafana_sg_id":{"expression":{"references":["aws_security_group.grafana_sg.id","aws_security_group.grafana_sg"]}},"grafana_subnet_id":{"expression":{"references":["aws_subnet.grafana.id","aws_subnet.grafana"]}}},"resources":[{"address":"aws_internet_gateway.grafana_igw","mode":"managed","type":"aws_internet_gateway","name":"grafana_igw","provider_config_key":"aws","expressions":{"tags":{"constant_value":{"Name":"mate-aws-grafana-lab"}},"vpc_id":{"references":["var.vpc_id"]}},"schema_version":0},{"address":"aws_route_table.grafana_rt","mode":"managed","type":"aws_route_table","name":"grafana_rt","provider_config_key":"aws","expressions":{"route":{"references":["aws_internet_gateway.grafana_igw.id","aws_internet_gateway.grafana_igw"]},"tags":{"constant_value":{"Name":"mate-aws-grafana-lab"}},"vpc_id":{"references":["var.vpc_id"]}},"schema_version":0},{"address":"aws_route_table_association.grafana_rta","mode":"managed","type":"aws_route_table_association","name":"grafana_rta","provider_config_key":"aws","expressions":{"route_table_id":{"references":["aws_route_table.grafana_rt.id","aws_route_table.grafana_rt"]},"subnet_id":{"references":["aws_subnet.grafana.id","aws_subnet.grafana"]}},"schema_version":0},{"address":"aws_security_group.grafana_sg","mode":"managed","type":"aws_security_group","name":"grafana_sg","provider_config_key":"aws","expressions":{"description":{"constant_value":"Allow HTTP, HTTPS, SSH to Grafana"},"name":{"constant_value":"mate-aws-grafana-lab"},"tags":{"constant_value":{"Name":"mate-aws-grafana-lab"}},"vpc_id":{"references":["var.vpc_id"]}},"schema_version":1},{"address":"aws_security_group_rule.allow_http","mode":"managed","type":"aws_security_group_rule","name":"allow_http","provider_config_key":"aws","expressions":{"cidr_blocks":{"constant_value":["0.0.0.0/0"]},"from_port":{"constant_value":80},"protocol":{"constant_value":"tcp"},"security_group_id":{"references":["aws_security_group.grafana_sg.id","aws_security_group.grafana_sg"]},"to_port":{"constant_value":80},"type":{"constant_value":"ingress"}},"schema_version":2},{"address":"aws_security_group_rule.allow_https","mode":"managed","type":"aws_security_group_rule","name":"allow_https","provider_config_key":"aws","expressions":{"cidr_blocks":{"constant_value":["0.0.0.0/0"]},"from_port":{"constant_value":443},"protocol":{"constant_value":"tcp"},"security_group_id":{"references":["aws_security_group.grafana_sg.id","aws_security_group.grafana_sg"]},"to_port":{"constant_value":443},"type":{"constant_value":"ingress"}},"schema_version":2},{"address":"aws_subnet.grafana","mode":"managed","type":"aws_subnet","name":"grafana","provider_config_key":"aws","expressions":{"availability_zone":{"constant_value":"eu-central-1a"},"cidr_block":{"constant_value":"10.0.10.0/24"},"tags":{"constant_value":{"Name":"grafana"}},"vpc_id":{"references":["var.vpc_id"]}},"schema_version":1},{"address":"aws_vpc_security_group_egress_rule.egress","mode":"managed","type":"aws_vpc_security_group_egress_rule","name":"egress","provider_config_key":"aws","expressions":{"cidr_ipv4":{"constant_value":"0.0.0.0/0"},"from_port":{"constant_value":0},"ip_protocol":{"constant_value":"-1"},"security_group_id":{"references":["aws_security_group.grafana_sg.id","aws_security_group.grafana_sg"]},"to_port":{"constant_value":0}},"schema_version":0},{"address":"aws_vpc_security_group_ingress_rule.grafana","mode":"managed","type":"aws_vpc_security_group_ingress_rule","name":"grafana","provider_config_key":"aws","expressions":{"cidr_ipv4":{"constant_value":"0.0.0.0/0"},"from_port":{"constant_value":3000},"ip_protocol":{"constant_value":"tcp"},"security_group_id":{"references":["aws_security_group.grafana_sg.id","aws_security_group.grafana_sg"]},"to_port":{"constant_value":3000}},"schema_version":0},{"address":"aws_vpc_security_group_ingress_rule.ssh","mode":"managed","type":"aws_vpc_security_group_ingress_rule","name":"ssh","provider_config_key":"aws","expressions":{"cidr_ipv4":{"constant_value":"185.136.134.23/32"},"from_port":{"constant_value":22},"ip_protocol":{"constant_value":"tcp"},"security_group_id":{"references":["aws_security_group.grafana_sg.id","aws_security_group.grafana_sg"]},"to_port":{"constant_value":22}},"schema_version":0}],"variables":{"vpc_id":{"description":"ID of the VPC, you deployed in the previous task."}}}},"relevant_attributes":[{"resource":"aws_internet_gateway.grafana_igw","attribute":["id"]},{"resource":"aws_security_group.grafana_sg","attribute":["id"]}],"timestamp":"2025-05-18T19:32:51Z","applyable":true,"complete":true,"errored":false}
