{"format_version":"1.2","terraform_version":"1.10.3","variables":{"vpc_id":{"value":"vpc-02046d6cff8a292d4"}},"planned_values":{"outputs":{"security_group_id":{"sensitive":false},"subnet_id":{"sensitive":false}},"root_module":{"resources":[{"address":"aws_internet_gateway.igw","mode":"managed","type":"aws_internet_gateway","name":"igw","provider_name":"registry.terraform.io/hashicorp/aws","schema_version":0,"values":{"tags":{"Name":"mate-aws-grafana-lab"},"tags_all":{"Name":"mate-aws-grafana-lab"},"timeouts":null,"vpc_id":"vpc-02046d6cff8a292d4"},"sensitive_values":{"tags":{},"tags_all":{}}},{"address":"aws_route_table.route_table","mode":"managed","type":"aws_route_table","name":"route_table","provider_name":"registry.terraform.io/hashicorp/aws","schema_version":0,"values":{"route":[{"carrier_gateway_id":"","cidr_block":"0.0.0.0/0","core_network_arn":"","destination_prefix_list_id":"","egress_only_gateway_id":"","ipv6_cidr_block":"","local_gateway_id":"","nat_gateway_id":"","network_interface_id":"","transit_gateway_id":"","vpc_endpoint_id":"","vpc_peering_connection_id":""}],"tags":{"Name":"mate-aws-grafana-lab"},"tags_all":{"Name":"mate-aws-grafana-lab"},"timeouts":null,"vpc_id":"vpc-02046d6cff8a292d4"},"sensitive_values":{"propagating_vgws":[],"route":[{}],"tags":{},"tags_all":{}}},{"address":"aws_route_table_association.route_table_association","mode":"managed","type":"aws_route_table_association","name":"route_table_association","provider_name":"registry.terraform.io/hashicorp/aws","schema_version":0,"values":{"gateway_id":null,"timeouts":null},"sensitive_values":{}},{"address":"aws_security_group.sg","mode":"managed","type":"aws_security_group","name":"sg","provider_name":"registry.terraform.io/hashicorp/aws","schema_version":1,"values":{"description":"Managed by Terraform","name":"mate-aws-grafana-lab","revoke_rules_on_delete":false,"tags":{"Name":"mate-aws-grafana-lab"},"tags_all":{"Name":"mate-aws-grafana-lab"},"timeouts":null,"vpc_id":"vpc-02046d6cff8a292d4"},"sensitive_values":{"egress":[],"ingress":[],"tags":{},"tags_all":{}}},{"address":"aws_subnet.subnet","mode":"managed","type":"aws_subnet","name":"subnet","provider_name":"registry.terraform.io/hashicorp/aws","schema_version":1,"values":{"assign_ipv6_address_on_creation":false,"cidr_block":"10.0.0.0/24","customer_owned_ipv4_pool":null,"enable_dns64":false,"enable_lni_at_device_index":null,"enable_resource_name_dns_a_record_on_launch":false,"enable_resource_name_dns_aaaa_record_on_launch":false,"ipv6_cidr_block":null,"ipv6_native":false,"map_customer_owned_ip_on_launch":null,"map_public_ip_on_launch":false,"outpost_arn":null,"tags":{"Name":"grafana"},"tags_all":{"Name":"grafana"},"timeouts":null,"vpc_id":"vpc-02046d6cff8a292d4"},"sensitive_values":{"tags":{},"tags_all":{}}},{"address":"aws_vpc_security_group_egress_rule.allow_all_eggress","mode":"managed","type":"aws_vpc_security_group_egress_rule","name":"allow_all_eggress","provider_name":"registry.terraform.io/hashicorp/aws","schema_version":0,"values":{"cidr_ipv4":"0.0.0.0/0","cidr_ipv6":null,"description":null,"from_port":null,"ip_protocol":"-1","prefix_list_id":null,"referenced_security_group_id":null,"tags":null,"tags_all":{},"to_port":null},"sensitive_values":{"tags_all":{}}},{"address":"aws_vpc_security_group_ingress_rule.allow_http","mode":"managed","type":"aws_vpc_security_group_ingress_rule","name":"allow_http","provider_name":"registry.terraform.io/hashicorp/aws","schema_version":0,"values":{"cidr_ipv4":"0.0.0.0/0","cidr_ipv6":null,"description":null,"from_port":3000,"ip_protocol":"tcp","prefix_list_id":null,"referenced_security_group_id":null,"tags":null,"tags_all":{},"to_port":3000},"sensitive_values":{"tags_all":{}}},{"address":"aws_vpc_security_group_ingress_rule.allow_ssh","mode":"managed","type":"aws_vpc_security_group_ingress_rule","name":"allow_ssh","provider_name":"registry.terraform.io/hashicorp/aws","schema_version":0,"values":{"cidr_ipv4":"176.38.64.204/32","cidr_ipv6":null,"description":null,"from_port":22,"ip_protocol":"tcp","prefix_list_id":null,"referenced_security_group_id":null,"tags":null,"tags_all":{},"to_port":22},"sensitive_values":{"tags_all":{}}}]}},"resource_changes":[{"address":"aws_internet_gateway.igw","mode":"managed","type":"aws_internet_gateway","name":"igw","provider_name":"registry.terraform.io/hashicorp/aws","change":{"actions":["create"],"before":null,"after":{"tags":{"Name":"mate-aws-grafana-lab"},"tags_all":{"Name":"mate-aws-grafana-lab"},"timeouts":null,"vpc_id":"vpc-02046d6cff8a292d4"},"after_unknown":{"arn":true,"id":true,"owner_id":true,"tags":{},"tags_all":{}},"before_sensitive":false,"after_sensitive":{"tags":{},"tags_all":{}}}},{"address":"aws_route_table.route_table","mode":"managed","type":"aws_route_table","name":"route_table","provider_name":"registry.terraform.io/hashicorp/aws","change":{"actions":["create"],"before":null,"after":{"route":[{"carrier_gateway_id":"","cidr_block":"0.0.0.0/0","core_network_arn":"","destination_prefix_list_id":"","egress_only_gateway_id":"","ipv6_cidr_block":"","local_gateway_id":"","nat_gateway_id":"","network_interface_id":"","transit_gateway_id":"","vpc_endpoint_id":"","vpc_peering_connection_id":""}],"tags":{"Name":"mate-aws-grafana-lab"},"tags_all":{"Name":"mate-aws-grafana-lab"},"timeouts":null,"vpc_id":"vpc-02046d6cff8a292d4"},"after_unknown":{"arn":true,"id":true,"owner_id":true,"propagating_vgws":true,"route":[{"gateway_id":true}],"tags":{},"tags_all":{}},"before_sensitive":false,"after_sensitive":{"propagating_vgws":[],"route":[{}],"tags":{},"tags_all":{}}}},{"address":"aws_route_table_association.route_table_association","mode":"managed","type":"aws_route_table_association","name":"route_table_association","provider_name":"registry.terraform.io/hashicorp/aws","change":{"actions":["create"],"before":null,"after":{"gateway_id":null,"timeouts":null},"after_unknown":{"id":true,"route_table_id":true,"subnet_id":true},"before_sensitive":false,"after_sensitive":{}}},{"address":"aws_security_group.sg","mode":"managed","type":"aws_security_group","name":"sg","provider_name":"registry.terraform.io/hashicorp/aws","change":{"actions":["create"],"before":null,"after":{"description":"Managed by Terraform","name":"mate-aws-grafana-lab","revoke_rules_on_delete":false,"tags":{"Name":"mate-aws-grafana-lab"},"tags_all":{"Name":"mate-aws-grafana-lab"},"timeouts":null,"vpc_id":"vpc-02046d6cff8a292d4"},"after_unknown":{"arn":true,"egress":true,"id":true,"ingress":true,"name_prefix":true,"owner_id":true,"tags":{},"tags_all":{}},"before_sensitive":false,"after_sensitive":{"egress":[],"ingress":[],"tags":{},"tags_all":{}}}},{"address":"aws_subnet.subnet","mode":"managed","type":"aws_subnet","name":"subnet","provider_name":"registry.terraform.io/hashicorp/aws","change":{"actions":["create"],"before":null,"after":{"assign_ipv6_address_on_creation":false,"cidr_block":"10.0.0.0/24","customer_owned_ipv4_pool":null,"enable_dns64":false,"enable_lni_at_device_index":null,"enable_resource_name_dns_a_record_on_launch":false,"enable_resource_name_dns_aaaa_record_on_launch":false,"ipv6_cidr_block":null,"ipv6_native":false,"map_customer_owned_ip_on_launch":null,"map_public_ip_on_launch":false,"outpost_arn":null,"tags":{"Name":"grafana"},"tags_all":{"Name":"grafana"},"timeouts":null,"vpc_id":"vpc-02046d6cff8a292d4"},"after_unknown":{"arn":true,"availability_zone":true,"availability_zone_id":true,"id":true,"ipv6_cidr_block_association_id":true,"owner_id":true,"private_dns_hostname_type_on_launch":true,"tags":{},"tags_all":{}},"before_sensitive":false,"after_sensitive":{"tags":{},"tags_all":{}}}},{"address":"aws_vpc_security_group_egress_rule.allow_all_eggress","mode":"managed","type":"aws_vpc_security_group_egress_rule","name":"allow_all_eggress","provider_name":"registry.terraform.io/hashicorp/aws","change":{"actions":["create"],"before":null,"after":{"cidr_ipv4":"0.0.0.0/0","cidr_ipv6":null,"description":null,"from_port":null,"ip_protocol":"-1","prefix_list_id":null,"referenced_security_group_id":null,"tags":null,"tags_all":{},"to_port":null},"after_unknown":{"arn":true,"id":true,"security_group_id":true,"security_group_rule_id":true,"tags_all":{}},"before_sensitive":false,"after_sensitive":{"tags_all":{}}}},{"address":"aws_vpc_security_group_ingress_rule.allow_http","mode":"managed","type":"aws_vpc_security_group_ingress_rule","name":"allow_http","provider_name":"registry.terraform.io/hashicorp/aws","change":{"actions":["create"],"before":null,"after":{"cidr_ipv4":"0.0.0.0/0","cidr_ipv6":null,"description":null,"from_port":3000,"ip_protocol":"tcp","prefix_list_id":null,"referenced_security_group_id":null,"tags":null,"tags_all":{},"to_port":3000},"after_unknown":{"arn":true,"id":true,"security_group_id":true,"security_group_rule_id":true,"tags_all":{}},"before_sensitive":false,"after_sensitive":{"tags_all":{}}}},{"address":"aws_vpc_security_group_ingress_rule.allow_ssh","mode":"managed","type":"aws_vpc_security_group_ingress_rule","name":"allow_ssh","provider_name":"registry.terraform.io/hashicorp/aws","change":{"actions":["create"],"before":null,"after":{"cidr_ipv4":"176.38.64.204/32","cidr_ipv6":null,"description":null,"from_port":22,"ip_protocol":"tcp","prefix_list_id":null,"referenced_security_group_id":null,"tags":null,"tags_all":{},"to_port":22},"after_unknown":{"arn":true,"id":true,"security_group_id":true,"security_group_rule_id":true,"tags_all":{}},"before_sensitive":false,"after_sensitive":{"tags_all":{}}}}],"output_changes":{"security_group_id":{"actions":["create"],"before":null,"after_unknown":true,"before_sensitive":false,"after_sensitive":false},"subnet_id":{"actions":["create"],"before":null,"after_unknown":true,"before_sensitive":false,"after_sensitive":false}},"configuration":{"provider_config":{"aws":{"name":"aws","full_name":"registry.terraform.io/hashicorp/aws","version_constraint":"~\u003e 5.0"}},"root_module":{"outputs":{"security_group_id":{"expression":{"references":["aws_security_group.sg.id","aws_security_group.sg"]},"description":"ID of the security group, deployed by the module"},"subnet_id":{"expression":{"references":["aws_subnet.subnet.id","aws_subnet.subnet"]},"description":"ID of the VPC subnet, deployed by the module"}},"resources":[{"address":"aws_internet_gateway.igw","mode":"managed","type":"aws_internet_gateway","name":"igw","provider_config_key":"aws","expressions":{"tags":{"constant_value":{"Name":"mate-aws-grafana-lab"}},"vpc_id":{"references":["var.vpc_id"]}},"schema_version":0},{"address":"aws_route_table.route_table","mode":"managed","type":"aws_route_table","name":"route_table","provider_config_key":"aws","expressions":{"route":{"references":["aws_internet_gateway.igw.id","aws_internet_gateway.igw"]},"tags":{"constant_value":{"Name":"mate-aws-grafana-lab"}},"vpc_id":{"references":["var.vpc_id"]}},"schema_version":0},{"address":"aws_route_table_association.route_table_association","mode":"managed","type":"aws_route_table_association","name":"route_table_association","provider_config_key":"aws","expressions":{"route_table_id":{"references":["aws_route_table.route_table.id","aws_route_table.route_table"]},"subnet_id":{"references":["aws_subnet.subnet.id","aws_subnet.subnet"]}},"schema_version":0},{"address":"aws_security_group.sg","mode":"managed","type":"aws_security_group","name":"sg","provider_config_key":"aws","expressions":{"name":{"constant_value":"mate-aws-grafana-lab"},"tags":{"constant_value":{"Name":"mate-aws-grafana-lab"}},"vpc_id":{"references":["var.vpc_id"]}},"schema_version":1},{"address":"aws_subnet.subnet","mode":"managed","type":"aws_subnet","name":"subnet","provider_config_key":"aws","expressions":{"cidr_block":{"constant_value":"10.0.0.0/24"},"tags":{"constant_value":{"Name":"grafana"}},"vpc_id":{"references":["var.vpc_id"]}},"schema_version":1},{"address":"aws_vpc_security_group_egress_rule.allow_all_eggress","mode":"managed","type":"aws_vpc_security_group_egress_rule","name":"allow_all_eggress","provider_config_key":"aws","expressions":{"cidr_ipv4":{"constant_value":"0.0.0.0/0"},"ip_protocol":{"constant_value":-1},"security_group_id":{"references":["aws_security_group.sg.id","aws_security_group.sg"]}},"schema_version":0},{"address":"aws_vpc_security_group_ingress_rule.allow_http","mode":"managed","type":"aws_vpc_security_group_ingress_rule","name":"allow_http","provider_config_key":"aws","expressions":{"cidr_ipv4":{"constant_value":"0.0.0.0/0"},"from_port":{"constant_value":3000},"ip_protocol":{"constant_value":"tcp"},"security_group_id":{"references":["aws_security_group.sg.id","aws_security_group.sg"]},"to_port":{"constant_value":3000}},"schema_version":0},{"address":"aws_vpc_security_group_ingress_rule.allow_ssh","mode":"managed","type":"aws_vpc_security_group_ingress_rule","name":"allow_ssh","provider_config_key":"aws","expressions":{"cidr_ipv4":{"constant_value":"176.38.64.204/32"},"from_port":{"constant_value":22},"ip_protocol":{"constant_value":"tcp"},"security_group_id":{"references":["aws_security_group.sg.id","aws_security_group.sg"]},"to_port":{"constant_value":22}},"schema_version":0}],"variables":{"vpc_id":{"description":"ID of the VPC, you deployed in the previous task."}}}},"relevant_attributes":[{"resource":"aws_internet_gateway.igw","attribute":["id"]},{"resource":"aws_route_table.route_table","attribute":["id"]},{"resource":"aws_subnet.subnet","attribute":["id"]},{"resource":"aws_security_group.sg","attribute":["id"]}],"timestamp":"2025-04-15T18:13:43Z","applyable":true,"complete":true,"errored":false}
